// !$*UTF8*$!
{
	archiveVersion = 1;
	classes = {
	};
	objectVersion = 51;
	objects = {

/* Begin PBXBuildFile section */
		15706EA58E6E0B24ACB9FFFF /* Pods_MovieWorld.framework in Frameworks */ = {isa = PBXBuildFile; fileRef = 10F32DC875D21C19D2FDF4B1 /* Pods_MovieWorld.framework */; };
		200A203A244D1B6400D538E5 /* MWMoviesListCollectionViewCell.swift in Sources */ = {isa = PBXBuildFile; fileRef = 200A2039244D1B6400D538E5 /* MWMoviesListCollectionViewCell.swift */; };
		2021A7FD243E2CB40091476C /* MWNetwork+ExUtility.swift in Sources */ = {isa = PBXBuildFile; fileRef = 2021A7FC243E2CB40091476C /* MWNetwork+ExUtility.swift */; };
		2021A7FF243E2DD90091476C /* String+Ex.swift in Sources */ = {isa = PBXBuildFile; fileRef = 2021A7FE243E2DD90091476C /* String+Ex.swift */; };
		2021A801243E37EB0091476C /* APIResults.swift in Sources */ = {isa = PBXBuildFile; fileRef = 2021A800243E37EB0091476C /* APIResults.swift */; };
		203B9EDB245A0E2A0035D232 /* MWDetailsViewConroller.swift in Sources */ = {isa = PBXBuildFile; fileRef = 203B9EDA245A0E2A0035D232 /* MWDetailsViewConroller.swift */; };
		203B9EDD245A10200035D232 /* MWCardView.swift in Sources */ = {isa = PBXBuildFile; fileRef = 203B9EDC245A10200035D232 /* MWCardView.swift */; };
		203B9EDF245A18140035D232 /* MWFilmView.swift in Sources */ = {isa = PBXBuildFile; fileRef = 203B9EDE245A18140035D232 /* MWFilmView.swift */; };
		203B9EE1245A28750035D232 /* MWDescription.swift in Sources */ = {isa = PBXBuildFile; fileRef = 203B9EE0245A28750035D232 /* MWDescription.swift */; };
		2054D9012458AE8B00238869 /* MWGenresList.xcdatamodeld in Sources */ = {isa = PBXBuildFile; fileRef = 2054D8FF2458AE8B00238869 /* MWGenresList.xcdatamodeld */; };
		2054D9042458AECB00238869 /* Genre+CoreDataClass.swift in Sources */ = {isa = PBXBuildFile; fileRef = 2054D9032458AECB00238869 /* Genre+CoreDataClass.swift */; };
		2054D9052458AECB00238869 /* Genre+CoreDataProperties.swift in Sources */ = {isa = PBXBuildFile; fileRef = 2054D9022458AECB00238869 /* Genre+CoreDataProperties.swift */; };
		2088CD72244A431A00BB1498 /* MWMoviesListViewController.swift in Sources */ = {isa = PBXBuildFile; fileRef = 2088CD71244A431A00BB1498 /* MWMoviesListViewController.swift */; };
		2088CD74244A47D100BB1498 /* MWMoviesListTableViewCell.swift in Sources */ = {isa = PBXBuildFile; fileRef = 2088CD73244A47D100BB1498 /* MWMoviesListTableViewCell.swift */; };
		209CDE152440C4CF0062A239 /* MWError.swift in Sources */ = {isa = PBXBuildFile; fileRef = 209CDE142440C4CF0062A239 /* MWError.swift */; };
		209CDE192440FC850062A239 /* APIGenres.swift in Sources */ = {isa = PBXBuildFile; fileRef = 209CDE182440FC850062A239 /* APIGenres.swift */; };
		20B488DE2458916D0066444A /* MWPersistenceService.swift in Sources */ = {isa = PBXBuildFile; fileRef = 20B488DD2458916D0066444A /* MWPersistenceService.swift */; };
		20E7DAE4245B0F6600D04698 /* MWCastView.swift in Sources */ = {isa = PBXBuildFile; fileRef = 20E7DAE3245B0F6600D04698 /* MWCastView.swift */; };
		20E7DAE7245B124700D04698 /* MWCastCollectionViewCell.swift in Sources */ = {isa = PBXBuildFile; fileRef = 20E7DAE6245B124700D04698 /* MWCastCollectionViewCell.swift */; };
		FA34BC672406CC70005E9D71 /* MWMainTableViewCell.swift in Sources */ = {isa = PBXBuildFile; fileRef = FA34BC662406CC70005E9D71 /* MWMainTableViewCell.swift */; };
		FA34BC6C2406D88F005E9D71 /* MWMainCollectionViewCell.swift in Sources */ = {isa = PBXBuildFile; fileRef = FA34BC6A2406D88F005E9D71 /* MWMainCollectionViewCell.swift */; };
		FA34BC6F2407E7A0005E9D71 /* APIMovie.swift in Sources */ = {isa = PBXBuildFile; fileRef = FA34BC6E2407E7A0005E9D71 /* APIMovie.swift */; };
		FA34BC98240C84E1005E9D71 /* MWNetwork.swift in Sources */ = {isa = PBXBuildFile; fileRef = FA34BC97240C84E1005E9D71 /* MWNetwork.swift */; };
		FAC0E5BF2402CA1500A94AF2 /* MWInterface.swift in Sources */ = {isa = PBXBuildFile; fileRef = FAC0E5BE2402CA1500A94AF2 /* MWInterface.swift */; };
		FAC0E5C12402CBD000A94AF2 /* MWMainViewController.swift in Sources */ = {isa = PBXBuildFile; fileRef = FAC0E5C02402CBD000A94AF2 /* MWMainViewController.swift */; };
		FAC608442402D1280069BBF6 /* Colors.xcassets in Resources */ = {isa = PBXBuildFile; fileRef = FAC608432402D1280069BBF6 /* Colors.xcassets */; };
		FAC608472402D1460069BBF6 /* Images.xcassets in Resources */ = {isa = PBXBuildFile; fileRef = FAC608462402D1460069BBF6 /* Images.xcassets */; };
		FAC608492402D49B0069BBF6 /* MWMainTabBarController.swift in Sources */ = {isa = PBXBuildFile; fileRef = FAC608482402D49B0069BBF6 /* MWMainTabBarController.swift */; };
		FAC6084B2402D5660069BBF6 /* MWCategoryViewController.swift in Sources */ = {isa = PBXBuildFile; fileRef = FAC6084A2402D5660069BBF6 /* MWCategoryViewController.swift */; };
		FAC6084D2402D5C80069BBF6 /* MWSearchViewController.swift in Sources */ = {isa = PBXBuildFile; fileRef = FAC6084C2402D5C80069BBF6 /* MWSearchViewController.swift */; };
		FAE1F0B923FE037E00D26834 /* AppDelegate.swift in Sources */ = {isa = PBXBuildFile; fileRef = FAE1F0B823FE037E00D26834 /* AppDelegate.swift */; };
		FAE1F0C223FE038800D26834 /* Assets.xcassets in Resources */ = {isa = PBXBuildFile; fileRef = FAE1F0C123FE038800D26834 /* Assets.xcassets */; };
		FAE1F0C523FE038800D26834 /* LaunchScreen.storyboard in Resources */ = {isa = PBXBuildFile; fileRef = FAE1F0C323FE038800D26834 /* LaunchScreen.storyboard */; };
/* End PBXBuildFile section */

/* Begin PBXFileReference section */
		10E2D8921EA57950A189310F /* Pods-MovieWorld.debug.xcconfig */ = {isa = PBXFileReference; includeInIndex = 1; lastKnownFileType = text.xcconfig; name = "Pods-MovieWorld.debug.xcconfig"; path = "Target Support Files/Pods-MovieWorld/Pods-MovieWorld.debug.xcconfig"; sourceTree = "<group>"; };
		10F32DC875D21C19D2FDF4B1 /* Pods_MovieWorld.framework */ = {isa = PBXFileReference; explicitFileType = wrapper.framework; includeInIndex = 0; path = Pods_MovieWorld.framework; sourceTree = BUILT_PRODUCTS_DIR; };
		200A2039244D1B6400D538E5 /* MWMoviesListCollectionViewCell.swift */ = {isa = PBXFileReference; lastKnownFileType = sourcecode.swift; path = MWMoviesListCollectionViewCell.swift; sourceTree = "<group>"; };
		2021A7FC243E2CB40091476C /* MWNetwork+ExUtility.swift */ = {isa = PBXFileReference; lastKnownFileType = sourcecode.swift; path = "MWNetwork+ExUtility.swift"; sourceTree = "<group>"; };
		2021A7FE243E2DD90091476C /* String+Ex.swift */ = {isa = PBXFileReference; lastKnownFileType = sourcecode.swift; path = "String+Ex.swift"; sourceTree = "<group>"; };
		2021A800243E37EB0091476C /* APIResults.swift */ = {isa = PBXFileReference; lastKnownFileType = sourcecode.swift; path = APIResults.swift; sourceTree = "<group>"; };
		203B9EDA245A0E2A0035D232 /* MWDetailsViewConroller.swift */ = {isa = PBXFileReference; lastKnownFileType = sourcecode.swift; path = MWDetailsViewConroller.swift; sourceTree = "<group>"; };
		203B9EDC245A10200035D232 /* MWCardView.swift */ = {isa = PBXFileReference; lastKnownFileType = sourcecode.swift; path = MWCardView.swift; sourceTree = "<group>"; };
		203B9EDE245A18140035D232 /* MWFilmView.swift */ = {isa = PBXFileReference; lastKnownFileType = sourcecode.swift; path = MWFilmView.swift; sourceTree = "<group>"; };
		203B9EE0245A28750035D232 /* MWDescription.swift */ = {isa = PBXFileReference; lastKnownFileType = sourcecode.swift; path = MWDescription.swift; sourceTree = "<group>"; };
		2054D9002458AE8B00238869 /* MWCoreData.xcdatamodel */ = {isa = PBXFileReference; lastKnownFileType = wrapper.xcdatamodel; path = MWCoreData.xcdatamodel; sourceTree = "<group>"; };
		2054D9022458AECB00238869 /* Genre+CoreDataProperties.swift */ = {isa = PBXFileReference; lastKnownFileType = sourcecode.swift; name = "Genre+CoreDataProperties.swift"; path = "/Users/muradibrohimov/Desktop/Projects/MovieWorld/MovieWorld/CoreData/Genre+CoreDataProperties.swift"; sourceTree = "<absolute>"; };
		2054D9032458AECB00238869 /* Genre+CoreDataClass.swift */ = {isa = PBXFileReference; lastKnownFileType = sourcecode.swift; name = "Genre+CoreDataClass.swift"; path = "/Users/muradibrohimov/Desktop/Projects/MovieWorld/MovieWorld/CoreData/Genre+CoreDataClass.swift"; sourceTree = "<absolute>"; };
		2088CD71244A431A00BB1498 /* MWMoviesListViewController.swift */ = {isa = PBXFileReference; lastKnownFileType = sourcecode.swift; path = MWMoviesListViewController.swift; sourceTree = "<group>"; xcLanguageSpecificationIdentifier = xcode.lang.swift; };
		2088CD73244A47D100BB1498 /* MWMoviesListTableViewCell.swift */ = {isa = PBXFileReference; lastKnownFileType = sourcecode.swift; path = MWMoviesListTableViewCell.swift; sourceTree = "<group>"; };
		209CDE142440C4CF0062A239 /* MWError.swift */ = {isa = PBXFileReference; lastKnownFileType = sourcecode.swift; path = MWError.swift; sourceTree = "<group>"; };
		209CDE182440FC850062A239 /* APIGenres.swift */ = {isa = PBXFileReference; lastKnownFileType = sourcecode.swift; path = APIGenres.swift; sourceTree = "<group>"; };
		20B488DD2458916D0066444A /* MWPersistenceService.swift */ = {isa = PBXFileReference; lastKnownFileType = sourcecode.swift; path = MWPersistenceService.swift; sourceTree = "<group>"; };
		20E7DAE3245B0F6600D04698 /* MWCastView.swift */ = {isa = PBXFileReference; lastKnownFileType = sourcecode.swift; path = MWCastView.swift; sourceTree = "<group>"; };
		20E7DAE6245B124700D04698 /* MWCastCollectionViewCell.swift */ = {isa = PBXFileReference; lastKnownFileType = sourcecode.swift; path = MWCastCollectionViewCell.swift; sourceTree = "<group>"; };
		9A47900237E474F75D985542 /* Pods-MovieWorld.release.xcconfig */ = {isa = PBXFileReference; includeInIndex = 1; lastKnownFileType = text.xcconfig; name = "Pods-MovieWorld.release.xcconfig"; path = "Target Support Files/Pods-MovieWorld/Pods-MovieWorld.release.xcconfig"; sourceTree = "<group>"; };
		FA34BC662406CC70005E9D71 /* MWMainTableViewCell.swift */ = {isa = PBXFileReference; lastKnownFileType = sourcecode.swift; path = MWMainTableViewCell.swift; sourceTree = "<group>"; };
		FA34BC6A2406D88F005E9D71 /* MWMainCollectionViewCell.swift */ = {isa = PBXFileReference; lastKnownFileType = sourcecode.swift; path = MWMainCollectionViewCell.swift; sourceTree = "<group>"; };
		FA34BC6E2407E7A0005E9D71 /* APIMovie.swift */ = {isa = PBXFileReference; lastKnownFileType = sourcecode.swift; path = APIMovie.swift; sourceTree = "<group>"; };
		FA34BC97240C84E1005E9D71 /* MWNetwork.swift */ = {isa = PBXFileReference; lastKnownFileType = sourcecode.swift; path = MWNetwork.swift; sourceTree = "<group>"; };
		FAC0E5BE2402CA1500A94AF2 /* MWInterface.swift */ = {isa = PBXFileReference; lastKnownFileType = sourcecode.swift; path = MWInterface.swift; sourceTree = "<group>"; };
		FAC0E5C02402CBD000A94AF2 /* MWMainViewController.swift */ = {isa = PBXFileReference; lastKnownFileType = sourcecode.swift; path = MWMainViewController.swift; sourceTree = "<group>"; };
		FAC608432402D1280069BBF6 /* Colors.xcassets */ = {isa = PBXFileReference; lastKnownFileType = folder.assetcatalog; path = Colors.xcassets; sourceTree = "<group>"; };
		FAC608462402D1460069BBF6 /* Images.xcassets */ = {isa = PBXFileReference; lastKnownFileType = folder.assetcatalog; path = Images.xcassets; sourceTree = "<group>"; };
		FAC608482402D49B0069BBF6 /* MWMainTabBarController.swift */ = {isa = PBXFileReference; lastKnownFileType = sourcecode.swift; path = MWMainTabBarController.swift; sourceTree = "<group>"; };
		FAC6084A2402D5660069BBF6 /* MWCategoryViewController.swift */ = {isa = PBXFileReference; lastKnownFileType = sourcecode.swift; path = MWCategoryViewController.swift; sourceTree = "<group>"; };
		FAC6084C2402D5C80069BBF6 /* MWSearchViewController.swift */ = {isa = PBXFileReference; lastKnownFileType = sourcecode.swift; path = MWSearchViewController.swift; sourceTree = "<group>"; };
		FAE1F0B523FE037E00D26834 /* MovieWorld.app */ = {isa = PBXFileReference; explicitFileType = wrapper.application; includeInIndex = 0; path = MovieWorld.app; sourceTree = BUILT_PRODUCTS_DIR; };
		FAE1F0B823FE037E00D26834 /* AppDelegate.swift */ = {isa = PBXFileReference; lastKnownFileType = sourcecode.swift; path = AppDelegate.swift; sourceTree = "<group>"; };
		FAE1F0C123FE038800D26834 /* Assets.xcassets */ = {isa = PBXFileReference; lastKnownFileType = folder.assetcatalog; path = Assets.xcassets; sourceTree = "<group>"; };
		FAE1F0C423FE038800D26834 /* Base */ = {isa = PBXFileReference; lastKnownFileType = file.storyboard; name = Base; path = Base.lproj/LaunchScreen.storyboard; sourceTree = "<group>"; };
		FAE1F0C623FE038800D26834 /* Info.plist */ = {isa = PBXFileReference; lastKnownFileType = text.plist.xml; path = Info.plist; sourceTree = "<group>"; };
/* End PBXFileReference section */

/* Begin PBXFrameworksBuildPhase section */
		FAE1F0B223FE037E00D26834 /* Frameworks */ = {
			isa = PBXFrameworksBuildPhase;
			buildActionMask = 2147483647;
			files = (
				15706EA58E6E0B24ACB9FFFF /* Pods_MovieWorld.framework in Frameworks */,
			);
			runOnlyForDeploymentPostprocessing = 0;
		};
/* End PBXFrameworksBuildPhase section */

/* Begin PBXGroup section */
		0A2FB888A75B5D64BDC9ADAF /* Frameworks */ = {
			isa = PBXGroup;
			children = (
				10F32DC875D21C19D2FDF4B1 /* Pods_MovieWorld.framework */,
			);
			name = Frameworks;
			sourceTree = "<group>";
		};
		200A2035244D108600D538E5 /* MoviesList */ = {
			isa = PBXGroup;
			children = (
				20E7DAE1245AF0E800D04698 /* Models */,
				200A2037244D110600D538E5 /* Views */,
				200A2036244D10F400D538E5 /* Controllers */,
			);
			path = MoviesList;
			sourceTree = "<group>";
		};
		200A2036244D10F400D538E5 /* Controllers */ = {
			isa = PBXGroup;
			children = (
				2088CD71244A431A00BB1498 /* MWMoviesListViewController.swift */,
			);
			path = Controllers;
			sourceTree = "<group>";
		};
		200A2037244D110600D538E5 /* Views */ = {
			isa = PBXGroup;
			children = (
				200A2038244D111100D538E5 /* Cells */,
			);
			path = Views;
			sourceTree = "<group>";
		};
		200A2038244D111100D538E5 /* Cells */ = {
			isa = PBXGroup;
			children = (
				2088CD73244A47D100BB1498 /* MWMoviesListTableViewCell.swift */,
				200A2039244D1B6400D538E5 /* MWMoviesListCollectionViewCell.swift */,
			);
			path = Cells;
			sourceTree = "<group>";
		};
		203B9ED6245A0C400035D232 /* MovieDeteils */ = {
			isa = PBXGroup;
			children = (
				203B9ED9245A0C650035D232 /* Models */,
				203B9ED8245A0C5E0035D232 /* Views */,
				203B9ED7245A0C4E0035D232 /* Controllers */,
			);
			path = MovieDeteils;
			sourceTree = "<group>";
		};
		203B9ED7245A0C4E0035D232 /* Controllers */ = {
			isa = PBXGroup;
			children = (
				203B9EDA245A0E2A0035D232 /* MWDetailsViewConroller.swift */,
			);
			path = Controllers;
			sourceTree = "<group>";
		};
		203B9ED8245A0C5E0035D232 /* Views */ = {
			isa = PBXGroup;
			children = (
				20E7DAE5245B122700D04698 /* Cells */,
				203B9EDC245A10200035D232 /* MWCardView.swift */,
				203B9EDE245A18140035D232 /* MWFilmView.swift */,
				203B9EE0245A28750035D232 /* MWDescription.swift */,
				20E7DAE3245B0F6600D04698 /* MWCastView.swift */,
			);
			path = Views;
			sourceTree = "<group>";
		};
		203B9ED9245A0C650035D232 /* Models */ = {
			isa = PBXGroup;
			children = (
			);
			path = Models;
			sourceTree = "<group>";
		};
		20B488D92458893B0066444A /* CoreData */ = {
			isa = PBXGroup;
			children = (
				2054D9032458AECB00238869 /* Genre+CoreDataClass.swift */,
				2054D9022458AECB00238869 /* Genre+CoreDataProperties.swift */,
				20B488DD2458916D0066444A /* MWPersistenceService.swift */,
				2054D8FF2458AE8B00238869 /* MWGenresList.xcdatamodeld */,
			);
			path = CoreData;
			sourceTree = "<group>";
		};
		20E7DAE1245AF0E800D04698 /* Models */ = {
			isa = PBXGroup;
			children = (
			);
			path = Models;
			sourceTree = "<group>";
		};
		20E7DAE5245B122700D04698 /* Cells */ = {
			isa = PBXGroup;
			children = (
				20E7DAE6245B124700D04698 /* MWCastCollectionViewCell.swift */,
			);
			path = Cells;
			sourceTree = "<group>";
		};
		24074356D89AF8F8EE971913 /* Pods */ = {
			isa = PBXGroup;
			children = (
				10E2D8921EA57950A189310F /* Pods-MovieWorld.debug.xcconfig */,
				9A47900237E474F75D985542 /* Pods-MovieWorld.release.xcconfig */,
			);
			path = Pods;
			sourceTree = "<group>";
		};
		FA34BC652406C8FC005E9D71 /* Cells */ = {
			isa = PBXGroup;
			children = (
				FA34BC662406CC70005E9D71 /* MWMainTableViewCell.swift */,
				FA34BC6A2406D88F005E9D71 /* MWMainCollectionViewCell.swift */,
			);
			path = Cells;
			sourceTree = "<group>";
		};
		FA34BC90240C8465005E9D71 /* Network */ = {
			isa = PBXGroup;
			children = (
				FA34BC97240C84E1005E9D71 /* MWNetwork.swift */,
				209CDE142440C4CF0062A239 /* MWError.swift */,
			);
			path = Network;
			sourceTree = "<group>";
		};
		FA55501823FE130E009B6650 /* Controllers */ = {
			isa = PBXGroup;
			children = (
			);
			path = Controllers;
			sourceTree = "<group>";
		};
		FAC0E5A92402C69C00A94AF2 /* Common */ = {
			isa = PBXGroup;
			children = (
				FA34BC90240C8465005E9D71 /* Network */,
				FAC0E5AE2402C80300A94AF2 /* Navigaton */,
				FAC0E5AF2402C87800A94AF2 /* Controllers */,
				FAC0E5B02402C89E00A94AF2 /* Controls */,
			);
			path = Common;
			sourceTree = "<group>";
		};
		FAC0E5AA2402C6B500A94AF2 /* Features */ = {
			isa = PBXGroup;
			children = (
				203B9ED6245A0C400035D232 /* MovieDeteils */,
				200A2035244D108600D538E5 /* MoviesList */,
				FAC0E5B92402C96B00A94AF2 /* Main */,
				FAC0E5B52402C92E00A94AF2 /* Category */,
				FAC0E5B12402C8E400A94AF2 /* Search */,
			);
			path = Features;
			sourceTree = "<group>";
		};
		FAC0E5AB2402C6CB00A94AF2 /* Utility */ = {
			isa = PBXGroup;
			children = (
			);
			path = Utility;
			sourceTree = "<group>";
		};
		FAC0E5AC2402C6D800A94AF2 /* Extensions */ = {
			isa = PBXGroup;
			children = (
				2021A7FC243E2CB40091476C /* MWNetwork+ExUtility.swift */,
				2021A7FE243E2DD90091476C /* String+Ex.swift */,
			);
			path = Extensions;
			sourceTree = "<group>";
		};
		FAC0E5AD2402C6E500A94AF2 /* Resources */ = {
			isa = PBXGroup;
			children = (
				FAE1F0C123FE038800D26834 /* Assets.xcassets */,
				FAC608432402D1280069BBF6 /* Colors.xcassets */,
				FAC608462402D1460069BBF6 /* Images.xcassets */,
				FAE1F0C323FE038800D26834 /* LaunchScreen.storyboard */,
			);
			path = Resources;
			sourceTree = "<group>";
		};
		FAC0E5AE2402C80300A94AF2 /* Navigaton */ = {
			isa = PBXGroup;
			children = (
				FAC0E5BE2402CA1500A94AF2 /* MWInterface.swift */,
			);
			path = Navigaton;
			sourceTree = "<group>";
		};
		FAC0E5AF2402C87800A94AF2 /* Controllers */ = {
			isa = PBXGroup;
			children = (
				FAC608482402D49B0069BBF6 /* MWMainTabBarController.swift */,
			);
			path = Controllers;
			sourceTree = "<group>";
		};
		FAC0E5B02402C89E00A94AF2 /* Controls */ = {
			isa = PBXGroup;
			children = (
			);
			path = Controls;
			sourceTree = "<group>";
		};
		FAC0E5B12402C8E400A94AF2 /* Search */ = {
			isa = PBXGroup;
			children = (
				FAC0E5B42402C91800A94AF2 /* Models */,
				FAC0E5B32402C90800A94AF2 /* Views */,
				FAC0E5B22402C8FC00A94AF2 /* Controllers */,
			);
			path = Search;
			sourceTree = "<group>";
		};
		FAC0E5B22402C8FC00A94AF2 /* Controllers */ = {
			isa = PBXGroup;
			children = (
				FAC6084C2402D5C80069BBF6 /* MWSearchViewController.swift */,
			);
			path = Controllers;
			sourceTree = "<group>";
		};
		FAC0E5B32402C90800A94AF2 /* Views */ = {
			isa = PBXGroup;
			children = (
			);
			path = Views;
			sourceTree = "<group>";
		};
		FAC0E5B42402C91800A94AF2 /* Models */ = {
			isa = PBXGroup;
			children = (
			);
			path = Models;
			sourceTree = "<group>";
		};
		FAC0E5B52402C92E00A94AF2 /* Category */ = {
			isa = PBXGroup;
			children = (
				FAC0E5B82402C95600A94AF2 /* Models */,
				FAC0E5B72402C94F00A94AF2 /* Views */,
				FAC0E5B62402C93F00A94AF2 /* Controllers */,
			);
			path = Category;
			sourceTree = "<group>";
		};
		FAC0E5B62402C93F00A94AF2 /* Controllers */ = {
			isa = PBXGroup;
			children = (
				FAC6084A2402D5660069BBF6 /* MWCategoryViewController.swift */,
			);
			path = Controllers;
			sourceTree = "<group>";
		};
		FAC0E5B72402C94F00A94AF2 /* Views */ = {
			isa = PBXGroup;
			children = (
			);
			path = Views;
			sourceTree = "<group>";
		};
		FAC0E5B82402C95600A94AF2 /* Models */ = {
			isa = PBXGroup;
			children = (
			);
			path = Models;
			sourceTree = "<group>";
		};
		FAC0E5B92402C96B00A94AF2 /* Main */ = {
			isa = PBXGroup;
			children = (
				FAC0E5BC2402C97F00A94AF2 /* Models */,
				FAC0E5BB2402C97A00A94AF2 /* Views */,
				FAC0E5BA2402C97300A94AF2 /* Controllers */,
			);
			path = Main;
			sourceTree = "<group>";
		};
		FAC0E5BA2402C97300A94AF2 /* Controllers */ = {
			isa = PBXGroup;
			children = (
				FAC0E5C02402CBD000A94AF2 /* MWMainViewController.swift */,
			);
			path = Controllers;
			sourceTree = "<group>";
		};
		FAC0E5BB2402C97A00A94AF2 /* Views */ = {
			isa = PBXGroup;
			children = (
				FA34BC652406C8FC005E9D71 /* Cells */,
			);
			path = Views;
			sourceTree = "<group>";
		};
		FAC0E5BC2402C97F00A94AF2 /* Models */ = {
			isa = PBXGroup;
			children = (
				FA34BC6E2407E7A0005E9D71 /* APIMovie.swift */,
				2021A800243E37EB0091476C /* APIResults.swift */,
				209CDE182440FC850062A239 /* APIGenres.swift */,
			);
			path = Models;
			sourceTree = "<group>";
		};
		FAE1F0AC23FE037E00D26834 = {
			isa = PBXGroup;
			children = (
				FAE1F0B723FE037E00D26834 /* MovieWorld */,
				FAE1F0B623FE037E00D26834 /* Products */,
				24074356D89AF8F8EE971913 /* Pods */,
				0A2FB888A75B5D64BDC9ADAF /* Frameworks */,
			);
			sourceTree = "<group>";
		};
		FAE1F0B623FE037E00D26834 /* Products */ = {
			isa = PBXGroup;
			children = (
				FAE1F0B523FE037E00D26834 /* MovieWorld.app */,
			);
			name = Products;
			sourceTree = "<group>";
		};
		FAE1F0B723FE037E00D26834 /* MovieWorld */ = {
			isa = PBXGroup;
			children = (
				FAE1F0B823FE037E00D26834 /* AppDelegate.swift */,
				FAE1F0C623FE038800D26834 /* Info.plist */,
				FAC0E5A92402C69C00A94AF2 /* Common */,
				FAC0E5AA2402C6B500A94AF2 /* Features */,
				FAC0E5AC2402C6D800A94AF2 /* Extensions */,
				FAC0E5AB2402C6CB00A94AF2 /* Utility */,
				FAC0E5AD2402C6E500A94AF2 /* Resources */,
				FA55501823FE130E009B6650 /* Controllers */,
				20B488D92458893B0066444A /* CoreData */,
			);
			path = MovieWorld;
			sourceTree = "<group>";
		};
/* End PBXGroup section */

/* Begin PBXNativeTarget section */
		FAE1F0B423FE037E00D26834 /* MovieWorld */ = {
			isa = PBXNativeTarget;
			buildConfigurationList = FAE1F0C923FE038800D26834 /* Build configuration list for PBXNativeTarget "MovieWorld" */;
			buildPhases = (
				D40719E1DC7F05690B4604F2 /* [CP] Check Pods Manifest.lock */,
				20EE4405245AE1DB00A4EAB9 /* ShellScript */,
				FAE1F0B123FE037E00D26834 /* Sources */,
				FAE1F0B223FE037E00D26834 /* Frameworks */,
				FAE1F0B323FE037E00D26834 /* Resources */,
				5BCBBCC4E924985C1FAE0549 /* [CP] Embed Pods Frameworks */,
			);
			buildRules = (
			);
			dependencies = (
			);
			name = MovieWorld;
			productName = MovieWorld;
			productReference = FAE1F0B523FE037E00D26834 /* MovieWorld.app */;
			productType = "com.apple.product-type.application";
		};
/* End PBXNativeTarget section */

/* Begin PBXProject section */
		FAE1F0AD23FE037E00D26834 /* Project object */ = {
			isa = PBXProject;
			attributes = {
				LastSwiftUpdateCheck = 1120;
				LastUpgradeCheck = 1120;
				ORGANIZATIONNAME = Murad;
				TargetAttributes = {
					FAE1F0B423FE037E00D26834 = {
						CreatedOnToolsVersion = 11.2.1;
					};
				};
			};
			buildConfigurationList = FAE1F0B023FE037E00D26834 /* Build configuration list for PBXProject "MovieWorld" */;
			compatibilityVersion = "Xcode 9.3";
			developmentRegion = en;
			hasScannedForEncodings = 0;
			knownRegions = (
				en,
				Base,
			);
			mainGroup = FAE1F0AC23FE037E00D26834;
			productRefGroup = FAE1F0B623FE037E00D26834 /* Products */;
			projectDirPath = "";
			projectRoot = "";
			targets = (
				FAE1F0B423FE037E00D26834 /* MovieWorld */,
			);
		};
/* End PBXProject section */

/* Begin PBXResourcesBuildPhase section */
		FAE1F0B323FE037E00D26834 /* Resources */ = {
			isa = PBXResourcesBuildPhase;
			buildActionMask = 2147483647;
			files = (
				FAC608442402D1280069BBF6 /* Colors.xcassets in Resources */,
				FAC608472402D1460069BBF6 /* Images.xcassets in Resources */,
				FAE1F0C523FE038800D26834 /* LaunchScreen.storyboard in Resources */,
				FAE1F0C223FE038800D26834 /* Assets.xcassets in Resources */,
			);
			runOnlyForDeploymentPostprocessing = 0;
		};
/* End PBXResourcesBuildPhase section */

/* Begin PBXShellScriptBuildPhase section */
		20EE4405245AE1DB00A4EAB9 /* ShellScript */ = {
			isa = PBXShellScriptBuildPhase;
			buildActionMask = 2147483647;
			files = (
			);
			inputFileListPaths = (
			);
			inputPaths = (
			);
			outputFileListPaths = (
			);
			outputPaths = (
			);
			runOnlyForDeploymentPostprocessing = 0;
			shellPath = /bin/sh;
			shellScript = "# Type a script or drag a script file from your workspace to insert its path.\nif which swiftlint >/dev/null; then\nswiftlint\nelse\necho \"error: SwiftLint does not exist, download it from https://github.com/realm/SwiftLint\"\nexit 1\nfi\n";
		};
		5BCBBCC4E924985C1FAE0549 /* [CP] Embed Pods Frameworks */ = {
			isa = PBXShellScriptBuildPhase;
			buildActionMask = 2147483647;
			files = (
			);
			inputFileListPaths = (
				"${PODS_ROOT}/Target Support Files/Pods-MovieWorld/Pods-MovieWorld-frameworks-${CONFIGURATION}-input-files.xcfilelist",
			);
			name = "[CP] Embed Pods Frameworks";
			outputFileListPaths = (
				"${PODS_ROOT}/Target Support Files/Pods-MovieWorld/Pods-MovieWorld-frameworks-${CONFIGURATION}-output-files.xcfilelist",
			);
			runOnlyForDeploymentPostprocessing = 0;
			shellPath = /bin/sh;
			shellScript = "\"${PODS_ROOT}/Target Support Files/Pods-MovieWorld/Pods-MovieWorld-frameworks.sh\"\n";
			showEnvVarsInLog = 0;
		};
		D40719E1DC7F05690B4604F2 /* [CP] Check Pods Manifest.lock */ = {
			isa = PBXShellScriptBuildPhase;
			buildActionMask = 2147483647;
			files = (
			);
			inputFileListPaths = (
			);
			inputPaths = (
				"${PODS_PODFILE_DIR_PATH}/Podfile.lock",
				"${PODS_ROOT}/Manifest.lock",
			);
			name = "[CP] Check Pods Manifest.lock";
			outputFileListPaths = (
			);
			outputPaths = (
				"$(DERIVED_FILE_DIR)/Pods-MovieWorld-checkManifestLockResult.txt",
			);
			runOnlyForDeploymentPostprocessing = 0;
			shellPath = /bin/sh;
			shellScript = "diff \"${PODS_PODFILE_DIR_PATH}/Podfile.lock\" \"${PODS_ROOT}/Manifest.lock\" > /dev/null\nif [ $? != 0 ] ; then\n    # print error to STDERR\n    echo \"error: The sandbox is not in sync with the Podfile.lock. Run 'pod install' or update your CocoaPods installation.\" >&2\n    exit 1\nfi\n# This output is used by Xcode 'outputs' to avoid re-running this script phase.\necho \"SUCCESS\" > \"${SCRIPT_OUTPUT_FILE_0}\"\n";
			showEnvVarsInLog = 0;
		};
/* End PBXShellScriptBuildPhase section */

/* Begin PBXSourcesBuildPhase section */
		FAE1F0B123FE037E00D26834 /* Sources */ = {
			isa = PBXSourcesBuildPhase;
			buildActionMask = 2147483647;
			files = (
				FA34BC672406CC70005E9D71 /* MWMainTableViewCell.swift in Sources */,
				20E7DAE4245B0F6600D04698 /* MWCastView.swift in Sources */,
				FAC608492402D49B0069BBF6 /* MWMainTabBarController.swift in Sources */,
				203B9EDB245A0E2A0035D232 /* MWDetailsViewConroller.swift in Sources */,
				FAC0E5C12402CBD000A94AF2 /* MWMainViewController.swift in Sources */,
				FA34BC6F2407E7A0005E9D71 /* APIMovie.swift in Sources */,
				2021A801243E37EB0091476C /* APIResults.swift in Sources */,
				20E7DAE7245B124700D04698 /* MWCastCollectionViewCell.swift in Sources */,
				2088CD72244A431A00BB1498 /* MWMoviesListViewController.swift in Sources */,
				FAE1F0B923FE037E00D26834 /* AppDelegate.swift in Sources */,
				203B9EDF245A18140035D232 /* MWFilmView.swift in Sources */,
				2054D9042458AECB00238869 /* Genre+CoreDataClass.swift in Sources */,
				20B488DE2458916D0066444A /* MWPersistenceService.swift in Sources */,
				FA34BC98240C84E1005E9D71 /* MWNetwork.swift in Sources */,
				209CDE192440FC850062A239 /* APIGenres.swift in Sources */,
				2088CD74244A47D100BB1498 /* MWMoviesListTableViewCell.swift in Sources */,
				203B9EE1245A28750035D232 /* MWDescription.swift in Sources */,
				FAC0E5BF2402CA1500A94AF2 /* MWInterface.swift in Sources */,
				209CDE152440C4CF0062A239 /* MWError.swift in Sources */,
				2054D9012458AE8B00238869 /* MWGenresList.xcdatamodeld in Sources */,
				2021A7FD243E2CB40091476C /* MWNetwork+ExUtility.swift in Sources */,
				FA34BC6C2406D88F005E9D71 /* MWMainCollectionViewCell.swift in Sources */,
				2021A7FF243E2DD90091476C /* String+Ex.swift in Sources */,
				200A203A244D1B6400D538E5 /* MWMoviesListCollectionViewCell.swift in Sources */,
				203B9EDD245A10200035D232 /* MWCardView.swift in Sources */,
				FAC6084B2402D5660069BBF6 /* MWCategoryViewController.swift in Sources */,
				FAC6084D2402D5C80069BBF6 /* MWSearchViewController.swift in Sources */,
				2054D9052458AECB00238869 /* Genre+CoreDataProperties.swift in Sources */,
			);
			runOnlyForDeploymentPostprocessing = 0;
		};
/* End PBXSourcesBuildPhase section */

/* Begin PBXVariantGroup section */
		FAE1F0C323FE038800D26834 /* LaunchScreen.storyboard */ = {
			isa = PBXVariantGroup;
			children = (
				FAE1F0C423FE038800D26834 /* Base */,
			);
			name = LaunchScreen.storyboard;
			sourceTree = "<group>";
		};
/* End PBXVariantGroup section */

/* Begin XCBuildConfiguration section */
		FAE1F0C723FE038800D26834 /* Debug */ = {
			isa = XCBuildConfiguration;
			buildSettings = {
				ALWAYS_SEARCH_USER_PATHS = NO;
				CLANG_ANALYZER_NONNULL = YES;
				CLANG_ANALYZER_NUMBER_OBJECT_CONVERSION = YES_AGGRESSIVE;
				CLANG_CXX_LANGUAGE_STANDARD = "gnu++14";
				CLANG_CXX_LIBRARY = "libc++";
				CLANG_ENABLE_MODULES = YES;
				CLANG_ENABLE_OBJC_ARC = YES;
				CLANG_ENABLE_OBJC_WEAK = YES;
				CLANG_WARN_BLOCK_CAPTURE_AUTORELEASING = YES;
				CLANG_WARN_BOOL_CONVERSION = YES;
				CLANG_WARN_COMMA = YES;
				CLANG_WARN_CONSTANT_CONVERSION = YES;
				CLANG_WARN_DEPRECATED_OBJC_IMPLEMENTATIONS = YES;
				CLANG_WARN_DIRECT_OBJC_ISA_USAGE = YES_ERROR;
				CLANG_WARN_DOCUMENTATION_COMMENTS = YES;
				CLANG_WARN_EMPTY_BODY = YES;
				CLANG_WARN_ENUM_CONVERSION = YES;
				CLANG_WARN_INFINITE_RECURSION = YES;
				CLANG_WARN_INT_CONVERSION = YES;
				CLANG_WARN_NON_LITERAL_NULL_CONVERSION = YES;
				CLANG_WARN_OBJC_IMPLICIT_RETAIN_SELF = YES;
				CLANG_WARN_OBJC_LITERAL_CONVERSION = YES;
				CLANG_WARN_OBJC_ROOT_CLASS = YES_ERROR;
				CLANG_WARN_RANGE_LOOP_ANALYSIS = YES;
				CLANG_WARN_STRICT_PROTOTYPES = YES;
				CLANG_WARN_SUSPICIOUS_MOVE = YES;
				CLANG_WARN_UNGUARDED_AVAILABILITY = YES_AGGRESSIVE;
				CLANG_WARN_UNREACHABLE_CODE = YES;
				CLANG_WARN__DUPLICATE_METHOD_MATCH = YES;
				COPY_PHASE_STRIP = NO;
				DEBUG_INFORMATION_FORMAT = dwarf;
				ENABLE_STRICT_OBJC_MSGSEND = YES;
				ENABLE_TESTABILITY = YES;
				GCC_C_LANGUAGE_STANDARD = gnu11;
				GCC_DYNAMIC_NO_PIC = NO;
				GCC_NO_COMMON_BLOCKS = YES;
				GCC_OPTIMIZATION_LEVEL = 0;
				GCC_PREPROCESSOR_DEFINITIONS = (
					"DEBUG=1",
					"$(inherited)",
				);
				GCC_WARN_64_TO_32_BIT_CONVERSION = YES;
				GCC_WARN_ABOUT_RETURN_TYPE = YES_ERROR;
				GCC_WARN_UNDECLARED_SELECTOR = YES;
				GCC_WARN_UNINITIALIZED_AUTOS = YES_AGGRESSIVE;
				GCC_WARN_UNUSED_FUNCTION = YES;
				GCC_WARN_UNUSED_VARIABLE = YES;
				IPHONEOS_DEPLOYMENT_TARGET = 13.2;
				MTL_ENABLE_DEBUG_INFO = INCLUDE_SOURCE;
				MTL_FAST_MATH = YES;
				ONLY_ACTIVE_ARCH = YES;
				SDKROOT = iphoneos;
				SWIFT_ACTIVE_COMPILATION_CONDITIONS = DEBUG;
				SWIFT_OPTIMIZATION_LEVEL = "-Onone";
			};
			name = Debug;
		};
		FAE1F0C823FE038800D26834 /* Release */ = {
			isa = XCBuildConfiguration;
			buildSettings = {
				ALWAYS_SEARCH_USER_PATHS = NO;
				CLANG_ANALYZER_NONNULL = YES;
				CLANG_ANALYZER_NUMBER_OBJECT_CONVERSION = YES_AGGRESSIVE;
				CLANG_CXX_LANGUAGE_STANDARD = "gnu++14";
				CLANG_CXX_LIBRARY = "libc++";
				CLANG_ENABLE_MODULES = YES;
				CLANG_ENABLE_OBJC_ARC = YES;
				CLANG_ENABLE_OBJC_WEAK = YES;
				CLANG_WARN_BLOCK_CAPTURE_AUTORELEASING = YES;
				CLANG_WARN_BOOL_CONVERSION = YES;
				CLANG_WARN_COMMA = YES;
				CLANG_WARN_CONSTANT_CONVERSION = YES;
				CLANG_WARN_DEPRECATED_OBJC_IMPLEMENTATIONS = YES;
				CLANG_WARN_DIRECT_OBJC_ISA_USAGE = YES_ERROR;
				CLANG_WARN_DOCUMENTATION_COMMENTS = YES;
				CLANG_WARN_EMPTY_BODY = YES;
				CLANG_WARN_ENUM_CONVERSION = YES;
				CLANG_WARN_INFINITE_RECURSION = YES;
				CLANG_WARN_INT_CONVERSION = YES;
				CLANG_WARN_NON_LITERAL_NULL_CONVERSION = YES;
				CLANG_WARN_OBJC_IMPLICIT_RETAIN_SELF = YES;
				CLANG_WARN_OBJC_LITERAL_CONVERSION = YES;
				CLANG_WARN_OBJC_ROOT_CLASS = YES_ERROR;
				CLANG_WARN_RANGE_LOOP_ANALYSIS = YES;
				CLANG_WARN_STRICT_PROTOTYPES = YES;
				CLANG_WARN_SUSPICIOUS_MOVE = YES;
				CLANG_WARN_UNGUARDED_AVAILABILITY = YES_AGGRESSIVE;
				CLANG_WARN_UNREACHABLE_CODE = YES;
				CLANG_WARN__DUPLICATE_METHOD_MATCH = YES;
				COPY_PHASE_STRIP = NO;
				DEBUG_INFORMATION_FORMAT = "dwarf-with-dsym";
				ENABLE_NS_ASSERTIONS = NO;
				ENABLE_STRICT_OBJC_MSGSEND = YES;
				GCC_C_LANGUAGE_STANDARD = gnu11;
				GCC_NO_COMMON_BLOCKS = YES;
				GCC_WARN_64_TO_32_BIT_CONVERSION = YES;
				GCC_WARN_ABOUT_RETURN_TYPE = YES_ERROR;
				GCC_WARN_UNDECLARED_SELECTOR = YES;
				GCC_WARN_UNINITIALIZED_AUTOS = YES_AGGRESSIVE;
				GCC_WARN_UNUSED_FUNCTION = YES;
				GCC_WARN_UNUSED_VARIABLE = YES;
				IPHONEOS_DEPLOYMENT_TARGET = 13.2;
				MTL_ENABLE_DEBUG_INFO = NO;
				MTL_FAST_MATH = YES;
				SDKROOT = iphoneos;
				SWIFT_COMPILATION_MODE = wholemodule;
				SWIFT_OPTIMIZATION_LEVEL = "-O";
				VALIDATE_PRODUCT = YES;
			};
			name = Release;
		};
		FAE1F0CA23FE038800D26834 /* Debug */ = {
			isa = XCBuildConfiguration;
			baseConfigurationReference = 10E2D8921EA57950A189310F /* Pods-MovieWorld.debug.xcconfig */;
			buildSettings = {
				ASSETCATALOG_COMPILER_APPICON_NAME = AppIcon;
				CODE_SIGN_STYLE = Automatic;
				DEVELOPMENT_TEAM = "";
				INFOPLIST_FILE = MovieWorld/Info.plist;
				IPHONEOS_DEPLOYMENT_TARGET = 11.0;
				LD_RUNPATH_SEARCH_PATHS = (
					"$(inherited)",
					"@executable_path/Frameworks",
				);
				PRODUCT_BUNDLE_IDENTIFIER = by.gan4o.MovieWorld;
				PRODUCT_NAME = "$(TARGET_NAME)";
				SWIFT_VERSION = 5.0;
				TARGETED_DEVICE_FAMILY = 1;
			};
			name = Debug;
		};
		FAE1F0CB23FE038800D26834 /* Release */ = {
			isa = XCBuildConfiguration;
			baseConfigurationReference = 9A47900237E474F75D985542 /* Pods-MovieWorld.release.xcconfig */;
			buildSettings = {
				ASSETCATALOG_COMPILER_APPICON_NAME = AppIcon;
				CODE_SIGN_STYLE = Automatic;
				DEVELOPMENT_TEAM = "";
				INFOPLIST_FILE = MovieWorld/Info.plist;
				IPHONEOS_DEPLOYMENT_TARGET = 11.0;
				LD_RUNPATH_SEARCH_PATHS = (
					"$(inherited)",
					"@executable_path/Frameworks",
				);
				PRODUCT_BUNDLE_IDENTIFIER = by.gan4o.MovieWorld;
				PRODUCT_NAME = "$(TARGET_NAME)";
				SWIFT_VERSION = 5.0;
				TARGETED_DEVICE_FAMILY = 1;
			};
			name = Release;
		};
/* End XCBuildConfiguration section */

/* Begin XCConfigurationList section */
		FAE1F0B023FE037E00D26834 /* Build configuration list for PBXProject "MovieWorld" */ = {
			isa = XCConfigurationList;
			buildConfigurations = (
				FAE1F0C723FE038800D26834 /* Debug */,
				FAE1F0C823FE038800D26834 /* Release */,
			);
			defaultConfigurationIsVisible = 0;
			defaultConfigurationName = Release;
		};
		FAE1F0C923FE038800D26834 /* Build configuration list for PBXNativeTarget "MovieWorld" */ = {
			isa = XCConfigurationList;
			buildConfigurations = (
				FAE1F0CA23FE038800D26834 /* Debug */,
				FAE1F0CB23FE038800D26834 /* Release */,
			);
			defaultConfigurationIsVisible = 0;
			defaultConfigurationName = Release;
		};
/* End XCConfigurationList section */

/* Begin XCVersionGroup section */
		2054D8FF2458AE8B00238869 /* MWGenresList.xcdatamodeld */ = {
			isa = XCVersionGroup;
			children = (
				2054D9002458AE8B00238869 /* MWCoreData.xcdatamodel */,
			);
			currentVersion = 2054D9002458AE8B00238869 /* MWCoreData.xcdatamodel */;
			path = MWGenresList.xcdatamodeld;
			sourceTree = "<group>";
			versionGroupType = wrapper.xcdatamodel;
		};
/* End XCVersionGroup section */
	};
	rootObject = FAE1F0AD23FE037E00D26834 /* Project object */;
}
