// !$*UTF8*$!
{
	archiveVersion = 1;
	classes = {
	};
	objectVersion = 51;
	objects = {

/* Begin PBXBuildFile section */
		15706EA58E6E0B24ACB9FFFF /* Pods_MovieWorld.framework in Frameworks */ = {isa = PBXBuildFile; fileRef = 10F32DC875D21C19D2FDF4B1 /* Pods_MovieWorld.framework */; };
		200733F4251CD9A000F3BDE2 /* MWYearPickerView.swift in Sources */ = {isa = PBXBuildFile; fileRef = 200733F3251CD9A000F3BDE2 /* MWYearPickerView.swift */; };
		200A203A244D1B6400D538E5 /* MWGroupstCollectionViewCell.swift in Sources */ = {isa = PBXBuildFile; fileRef = 200A2039244D1B6400D538E5 /* MWGroupstCollectionViewCell.swift */; };
		200F6E5D246AF10800920769 /* MWMovieCastAndCrewViewController.swift in Sources */ = {isa = PBXBuildFile; fileRef = 200F6E5C246AF10800920769 /* MWMovieCastAndCrewViewController.swift */; };
		200F6E60246AF29A00920769 /* MWMovieCastTableViewCell.swift in Sources */ = {isa = PBXBuildFile; fileRef = 200F6E5F246AF29A00920769 /* MWMovieCastTableViewCell.swift */; };
		200F6E62246B080E00920769 /* APICredit.swift in Sources */ = {isa = PBXBuildFile; fileRef = 200F6E61246B080E00920769 /* APICredit.swift */; };
		200F6E64246B0ED900920769 /* APIPerson.swift in Sources */ = {isa = PBXBuildFile; fileRef = 200F6E63246B0ED900920769 /* APIPerson.swift */; };
		2015AC882524A0D700D9F56B /* MWCastAndCreViewwController.swift in Sources */ = {isa = PBXBuildFile; fileRef = 2015AC872524A0D700D9F56B /* MWCastAndCreViewwController.swift */; };
		2015AC8A2524A0FA00D9F56B /* MWCastViewController.swift in Sources */ = {isa = PBXBuildFile; fileRef = 2015AC892524A0F900D9F56B /* MWCastViewController.swift */; };
		2015AC8C2524A11500D9F56B /* MWCrewViewController.swift in Sources */ = {isa = PBXBuildFile; fileRef = 2015AC8B2524A11500D9F56B /* MWCrewViewController.swift */; };
		201D94BD2466D2F200EDF9E8 /* Notification.Name+Ex.swift in Sources */ = {isa = PBXBuildFile; fileRef = 201D94BC2466D2F200EDF9E8 /* Notification.Name+Ex.swift */; };
		201D94BF2466D73900EDF9E8 /* APIMedia.swift in Sources */ = {isa = PBXBuildFile; fileRef = 201D94BE2466D73900EDF9E8 /* APIMedia.swift */; };
		201D94C12466D74800EDF9E8 /* APIVideo.swift in Sources */ = {isa = PBXBuildFile; fileRef = 201D94C02466D74800EDF9E8 /* APIVideo.swift */; };
		201D94C32466E33C00EDF9E8 /* APIImage.swift in Sources */ = {isa = PBXBuildFile; fileRef = 201D94C22466E33C00EDF9E8 /* APIImage.swift */; };
		201D94C62466E35100EDF9E8 /* APIGallery.swift in Sources */ = {isa = PBXBuildFile; fileRef = 201D94C52466E35100EDF9E8 /* APIGallery.swift */; };
		201D94C82466E9B100EDF9E8 /* MWImagesBaseURL.swift in Sources */ = {isa = PBXBuildFile; fileRef = 201D94C72466E9B100EDF9E8 /* MWImagesBaseURL.swift */; };
		201D94CA2466EE2D00EDF9E8 /* APIMovieDetails.swift in Sources */ = {isa = PBXBuildFile; fileRef = 201D94C92466EE2D00EDF9E8 /* APIMovieDetails.swift */; };
		201D94CC24671ED300EDF9E8 /* APIProductionCountries.swift in Sources */ = {isa = PBXBuildFile; fileRef = 201D94CB24671ED300EDF9E8 /* APIProductionCountries.swift */; };
		2021A7FD243E2CB40091476C /* MWNetwork+ExUtility.swift in Sources */ = {isa = PBXBuildFile; fileRef = 2021A7FC243E2CB40091476C /* MWNetwork+ExUtility.swift */; };
		2021A7FF243E2DD90091476C /* String+Ex.swift in Sources */ = {isa = PBXBuildFile; fileRef = 2021A7FE243E2DD90091476C /* String+Ex.swift */; };
		2021A801243E37EB0091476C /* APIResults.swift in Sources */ = {isa = PBXBuildFile; fileRef = 2021A800243E37EB0091476C /* APIResults.swift */; };
		203B9EDB245A0E2A0035D232 /* MWDetailsViewConroller.swift in Sources */ = {isa = PBXBuildFile; fileRef = 203B9EDA245A0E2A0035D232 /* MWDetailsViewConroller.swift */; };
		203B9EDD245A10200035D232 /* MWCardView.swift in Sources */ = {isa = PBXBuildFile; fileRef = 203B9EDC245A10200035D232 /* MWCardView.swift */; };
		203B9EDF245A18140035D232 /* MWFilmView.swift in Sources */ = {isa = PBXBuildFile; fileRef = 203B9EDE245A18140035D232 /* MWFilmView.swift */; };
		203B9EE1245A28750035D232 /* MWDescription.swift in Sources */ = {isa = PBXBuildFile; fileRef = 203B9EE0245A28750035D232 /* MWDescription.swift */; };
		204377D9246C9F030063515B /* MWCrewSection.swift in Sources */ = {isa = PBXBuildFile; fileRef = 204377D8246C9F030063515B /* MWCrewSection.swift */; };
		204377DF246CA01D0063515B /* MWMovieCastAndCrewDetailsViewController.swift in Sources */ = {isa = PBXBuildFile; fileRef = 204377DE246CA01D0063515B /* MWMovieCastAndCrewDetailsViewController.swift */; };
		204377E1246CA2960063515B /* MWPersonCardView.swift in Sources */ = {isa = PBXBuildFile; fileRef = 204377E0246CA2960063515B /* MWPersonCardView.swift */; };
		204377E3246CA2B20063515B /* MWPersonDescription.swift in Sources */ = {isa = PBXBuildFile; fileRef = 204377E2246CA2B20063515B /* MWPersonDescription.swift */; };
		204377E6246CA2DA0063515B /* MWPersonFilmographyView.swift in Sources */ = {isa = PBXBuildFile; fileRef = 204377E5246CA2DA0063515B /* MWPersonFilmographyView.swift */; };
		204377E9246CA86A0063515B /* MWPersonFilmographyCollectionViewCell.swift in Sources */ = {isa = PBXBuildFile; fileRef = 204377E8246CA86A0063515B /* MWPersonFilmographyCollectionViewCell.swift */; };
		204377ED246CB89F0063515B /* APIMovieCredits.swift in Sources */ = {isa = PBXBuildFile; fileRef = 204377EC246CB89F0063515B /* APIMovieCredits.swift */; };
		204377F0246CB97C0063515B /* APIMovieCreditsCast.swift in Sources */ = {isa = PBXBuildFile; fileRef = 204377EF246CB97C0063515B /* APIMovieCreditsCast.swift */; };
		204377F2246CBA0D0063515B /* APIMovieCreditsCrew.swift in Sources */ = {isa = PBXBuildFile; fileRef = 204377F1246CBA0D0063515B /* APIMovieCreditsCrew.swift */; };
		2054D9012458AE8B00238869 /* MWGenresList.xcdatamodeld in Sources */ = {isa = PBXBuildFile; fileRef = 2054D8FF2458AE8B00238869 /* MWGenresList.xcdatamodeld */; };
		2073119D246227B800DF6F9C /* MWURLPath.swift in Sources */ = {isa = PBXBuildFile; fileRef = 2073119C246227B800DF6F9C /* MWURLPath.swift */; };
		207311A0246233FB00DF6F9C /* APIGenre.swift in Sources */ = {isa = PBXBuildFile; fileRef = 2073119F246233FB00DF6F9C /* APIGenre.swift */; };
		2084701D251C68DD00BF03AC /* MWFilterViewController.swift in Sources */ = {isa = PBXBuildFile; fileRef = 2084701C251C68DD00BF03AC /* MWFilterViewController.swift */; };
		2088CD72244A431A00BB1498 /* MWMoviesListViewController.swift in Sources */ = {isa = PBXBuildFile; fileRef = 2088CD71244A431A00BB1498 /* MWMoviesListViewController.swift */; };
		2088CD74244A47D100BB1498 /* MWMoviesListTableViewCell.swift in Sources */ = {isa = PBXBuildFile; fileRef = 2088CD73244A47D100BB1498 /* MWMoviesListTableViewCell.swift */; };
		208EA4D024658E4B00597AE3 /* MWGalleryView.swift in Sources */ = {isa = PBXBuildFile; fileRef = 208EA4CF24658E4B00597AE3 /* MWGalleryView.swift */; };
		208EA4D32465989000597AE3 /* MWGalleryCollectionViewCell.swift in Sources */ = {isa = PBXBuildFile; fileRef = 208EA4D22465989000597AE3 /* MWGalleryCollectionViewCell.swift */; };
		20915A6A24699EA0002CE857 /* MWGroupsCollectionViewLayout.swift in Sources */ = {isa = PBXBuildFile; fileRef = 20915A6924699EA0002CE857 /* MWGroupsCollectionViewLayout.swift */; };
		2091ABA024649A7A00BD9CAA /* MWAllButton.swift in Sources */ = {isa = PBXBuildFile; fileRef = 2091AB9F24649A7A00BD9CAA /* MWAllButton.swift */; };
		2091ABA22464B7ED00BD9CAA /* APICast.swift in Sources */ = {isa = PBXBuildFile; fileRef = 2091ABA12464B7ED00BD9CAA /* APICast.swift */; };
		2091ABA42464B7FE00BD9CAA /* APIActor.swift in Sources */ = {isa = PBXBuildFile; fileRef = 2091ABA32464B7FE00BD9CAA /* APIActor.swift */; };
		2093E09C246DA419006601CC /* Localizable.strings in Resources */ = {isa = PBXBuildFile; fileRef = 2093E09E246DA419006601CC /* Localizable.strings */; };
		2093E0A1246DD7B2006601CC /* UIView+Ex.swift in Sources */ = {isa = PBXBuildFile; fileRef = 2093E0A0246DD7B2006601CC /* UIView+Ex.swift */; };
		2093FF4324636D8800B52EBA /* MWMainSection.swift in Sources */ = {isa = PBXBuildFile; fileRef = 2093FF4224636D8800B52EBA /* MWMainSection.swift */; };
		2093FF45246384BE00B52EBA /* MWSystem.swift in Sources */ = {isa = PBXBuildFile; fileRef = 2093FF44246384BE00B52EBA /* MWSystem.swift */; };
		209468B0246F300500856339 /* MWResponse.swift in Sources */ = {isa = PBXBuildFile; fileRef = 209468AF246F300500856339 /* MWResponse.swift */; };
		20987DC02461FB4D00475500 /* MWBaseViewController.swift in Sources */ = {isa = PBXBuildFile; fileRef = 20987DBF2461FB4D00475500 /* MWBaseViewController.swift */; };
		209CDE152440C4CF0062A239 /* MWError.swift in Sources */ = {isa = PBXBuildFile; fileRef = 209CDE142440C4CF0062A239 /* MWError.swift */; };
		209CDE192440FC850062A239 /* APIGenres.swift in Sources */ = {isa = PBXBuildFile; fileRef = 209CDE182440FC850062A239 /* APIGenres.swift */; };
		20AF99E0251E004200E0B705 /* RangeSlider.swift in Sources */ = {isa = PBXBuildFile; fileRef = 20AF99DF251E004200E0B705 /* RangeSlider.swift */; };
		20B488DE2458916D0066444A /* MWPersistenceService.swift in Sources */ = {isa = PBXBuildFile; fileRef = 20B488DD2458916D0066444A /* MWPersistenceService.swift */; };
		20D47854251CA536001CFAE2 /* MWFilterCountryViewController.swift in Sources */ = {isa = PBXBuildFile; fileRef = 20D47853251CA536001CFAE2 /* MWFilterCountryViewController.swift */; };
		20D47856251CAD77001CFAE2 /* APICountry.swift in Sources */ = {isa = PBXBuildFile; fileRef = 20D47855251CAD77001CFAE2 /* APICountry.swift */; };
		20E7DAE4245B0F6600D04698 /* MWCastView.swift in Sources */ = {isa = PBXBuildFile; fileRef = 20E7DAE3245B0F6600D04698 /* MWCastView.swift */; };
		20E7DAE7245B124700D04698 /* MWCastCollectionViewCell.swift in Sources */ = {isa = PBXBuildFile; fileRef = 20E7DAE6245B124700D04698 /* MWCastCollectionViewCell.swift */; };
		84EAC6B7257B9A630042E1B4 /* Genre+CoreDataClass.swift in Sources */ = {isa = PBXBuildFile; fileRef = 84EAC6B3257B9A630042E1B4 /* Genre+CoreDataClass.swift */; };
		84EAC6B8257B9A630042E1B4 /* Genre+CoreDataProperties.swift in Sources */ = {isa = PBXBuildFile; fileRef = 84EAC6B4257B9A630042E1B4 /* Genre+CoreDataProperties.swift */; };
		84EAC6B9257B9A630042E1B4 /* MWGenresList.xcdatamodeld in Sources */ = {isa = PBXBuildFile; fileRef = 84EAC6B5257B9A630042E1B4 /* MWGenresList.xcdatamodeld */; };
		FA34BC672406CC70005E9D71 /* MWMainTableViewCell.swift in Sources */ = {isa = PBXBuildFile; fileRef = FA34BC662406CC70005E9D71 /* MWMainTableViewCell.swift */; };
		FA34BC6C2406D88F005E9D71 /* MWMainCollectionViewCell.swift in Sources */ = {isa = PBXBuildFile; fileRef = FA34BC6A2406D88F005E9D71 /* MWMainCollectionViewCell.swift */; };
		FA34BC6F2407E7A0005E9D71 /* APIMovie.swift in Sources */ = {isa = PBXBuildFile; fileRef = FA34BC6E2407E7A0005E9D71 /* APIMovie.swift */; };
		FA34BC98240C84E1005E9D71 /* MWNetwork.swift in Sources */ = {isa = PBXBuildFile; fileRef = FA34BC97240C84E1005E9D71 /* MWNetwork.swift */; };
		FAC0E5BF2402CA1500A94AF2 /* MWInterface.swift in Sources */ = {isa = PBXBuildFile; fileRef = FAC0E5BE2402CA1500A94AF2 /* MWInterface.swift */; };
		FAC0E5C12402CBD000A94AF2 /* MWMainViewController.swift in Sources */ = {isa = PBXBuildFile; fileRef = FAC0E5C02402CBD000A94AF2 /* MWMainViewController.swift */; };
		FAC608442402D1280069BBF6 /* Colors.xcassets in Resources */ = {isa = PBXBuildFile; fileRef = FAC608432402D1280069BBF6 /* Colors.xcassets */; };
		FAC608472402D1460069BBF6 /* Images.xcassets in Resources */ = {isa = PBXBuildFile; fileRef = FAC608462402D1460069BBF6 /* Images.xcassets */; };
		FAC608492402D49B0069BBF6 /* MWMainTabBarController.swift in Sources */ = {isa = PBXBuildFile; fileRef = FAC608482402D49B0069BBF6 /* MWMainTabBarController.swift */; };
		FAC6084B2402D5660069BBF6 /* MWCategoryViewController.swift in Sources */ = {isa = PBXBuildFile; fileRef = FAC6084A2402D5660069BBF6 /* MWCategoryViewController.swift */; };
		FAC6084D2402D5C80069BBF6 /* MWSearchViewController.swift in Sources */ = {isa = PBXBuildFile; fileRef = FAC6084C2402D5C80069BBF6 /* MWSearchViewController.swift */; };
		FAE1F0B923FE037E00D26834 /* AppDelegate.swift in Sources */ = {isa = PBXBuildFile; fileRef = FAE1F0B823FE037E00D26834 /* AppDelegate.swift */; };
		FAE1F0C223FE038800D26834 /* Assets.xcassets in Resources */ = {isa = PBXBuildFile; fileRef = FAE1F0C123FE038800D26834 /* Assets.xcassets */; };
		FAE1F0C523FE038800D26834 /* LaunchScreen.storyboard in Resources */ = {isa = PBXBuildFile; fileRef = FAE1F0C323FE038800D26834 /* LaunchScreen.storyboard */; };
/* End PBXBuildFile section */

/* Begin PBXFileReference section */
		10E2D8921EA57950A189310F /* Pods-MovieWorld.debug.xcconfig */ = {isa = PBXFileReference; includeInIndex = 1; lastKnownFileType = text.xcconfig; name = "Pods-MovieWorld.debug.xcconfig"; path = "Target Support Files/Pods-MovieWorld/Pods-MovieWorld.debug.xcconfig"; sourceTree = "<group>"; };
		10F32DC875D21C19D2FDF4B1 /* Pods_MovieWorld.framework */ = {isa = PBXFileReference; explicitFileType = wrapper.framework; includeInIndex = 0; path = Pods_MovieWorld.framework; sourceTree = BUILT_PRODUCTS_DIR; };
		200733F3251CD9A000F3BDE2 /* MWYearPickerView.swift */ = {isa = PBXFileReference; fileEncoding = 4; lastKnownFileType = sourcecode.swift; path = MWYearPickerView.swift; sourceTree = "<group>"; };
		200A2039244D1B6400D538E5 /* MWGroupstCollectionViewCell.swift */ = {isa = PBXFileReference; lastKnownFileType = sourcecode.swift; path = MWGroupstCollectionViewCell.swift; sourceTree = "<group>"; };
		200F6E5C246AF10800920769 /* MWMovieCastAndCrewViewController.swift */ = {isa = PBXFileReference; lastKnownFileType = sourcecode.swift; path = MWMovieCastAndCrewViewController.swift; sourceTree = "<group>"; };
		200F6E5F246AF29A00920769 /* MWMovieCastTableViewCell.swift */ = {isa = PBXFileReference; lastKnownFileType = sourcecode.swift; path = MWMovieCastTableViewCell.swift; sourceTree = "<group>"; };
		200F6E61246B080E00920769 /* APICredit.swift */ = {isa = PBXFileReference; lastKnownFileType = sourcecode.swift; path = APICredit.swift; sourceTree = "<group>"; };
		200F6E63246B0ED900920769 /* APIPerson.swift */ = {isa = PBXFileReference; lastKnownFileType = sourcecode.swift; path = APIPerson.swift; sourceTree = "<group>"; };
		2015AC872524A0D700D9F56B /* MWCastAndCreViewwController.swift */ = {isa = PBXFileReference; lastKnownFileType = sourcecode.swift; path = MWCastAndCreViewwController.swift; sourceTree = "<group>"; };
		2015AC892524A0F900D9F56B /* MWCastViewController.swift */ = {isa = PBXFileReference; lastKnownFileType = sourcecode.swift; path = MWCastViewController.swift; sourceTree = "<group>"; };
		2015AC8B2524A11500D9F56B /* MWCrewViewController.swift */ = {isa = PBXFileReference; lastKnownFileType = sourcecode.swift; path = MWCrewViewController.swift; sourceTree = "<group>"; };
		201D94BC2466D2F200EDF9E8 /* Notification.Name+Ex.swift */ = {isa = PBXFileReference; lastKnownFileType = sourcecode.swift; path = "Notification.Name+Ex.swift"; sourceTree = "<group>"; };
		201D94BE2466D73900EDF9E8 /* APIMedia.swift */ = {isa = PBXFileReference; lastKnownFileType = sourcecode.swift; path = APIMedia.swift; sourceTree = "<group>"; };
		201D94C02466D74800EDF9E8 /* APIVideo.swift */ = {isa = PBXFileReference; lastKnownFileType = sourcecode.swift; path = APIVideo.swift; sourceTree = "<group>"; };
		201D94C22466E33C00EDF9E8 /* APIImage.swift */ = {isa = PBXFileReference; lastKnownFileType = sourcecode.swift; path = APIImage.swift; sourceTree = "<group>"; };
		201D94C52466E35100EDF9E8 /* APIGallery.swift */ = {isa = PBXFileReference; lastKnownFileType = sourcecode.swift; path = APIGallery.swift; sourceTree = "<group>"; };
		201D94C72466E9B100EDF9E8 /* MWImagesBaseURL.swift */ = {isa = PBXFileReference; lastKnownFileType = sourcecode.swift; path = MWImagesBaseURL.swift; sourceTree = "<group>"; };
		201D94C92466EE2D00EDF9E8 /* APIMovieDetails.swift */ = {isa = PBXFileReference; lastKnownFileType = sourcecode.swift; path = APIMovieDetails.swift; sourceTree = "<group>"; };
		201D94CB24671ED300EDF9E8 /* APIProductionCountries.swift */ = {isa = PBXFileReference; lastKnownFileType = sourcecode.swift; path = APIProductionCountries.swift; sourceTree = "<group>"; };
		2021A7FC243E2CB40091476C /* MWNetwork+ExUtility.swift */ = {isa = PBXFileReference; lastKnownFileType = sourcecode.swift; path = "MWNetwork+ExUtility.swift"; sourceTree = "<group>"; };
		2021A7FE243E2DD90091476C /* String+Ex.swift */ = {isa = PBXFileReference; lastKnownFileType = sourcecode.swift; path = "String+Ex.swift"; sourceTree = "<group>"; };
		2021A800243E37EB0091476C /* APIResults.swift */ = {isa = PBXFileReference; lastKnownFileType = sourcecode.swift; path = APIResults.swift; sourceTree = "<group>"; };
		203B9EDA245A0E2A0035D232 /* MWDetailsViewConroller.swift */ = {isa = PBXFileReference; lastKnownFileType = sourcecode.swift; path = MWDetailsViewConroller.swift; sourceTree = "<group>"; };
		203B9EDC245A10200035D232 /* MWCardView.swift */ = {isa = PBXFileReference; lastKnownFileType = sourcecode.swift; path = MWCardView.swift; sourceTree = "<group>"; };
		203B9EDE245A18140035D232 /* MWFilmView.swift */ = {isa = PBXFileReference; lastKnownFileType = sourcecode.swift; path = MWFilmView.swift; sourceTree = "<group>"; };
		203B9EE0245A28750035D232 /* MWDescription.swift */ = {isa = PBXFileReference; lastKnownFileType = sourcecode.swift; path = MWDescription.swift; sourceTree = "<group>"; };
		204377D8246C9F030063515B /* MWCrewSection.swift */ = {isa = PBXFileReference; lastKnownFileType = sourcecode.swift; path = MWCrewSection.swift; sourceTree = "<group>"; };
		204377DE246CA01D0063515B /* MWMovieCastAndCrewDetailsViewController.swift */ = {isa = PBXFileReference; lastKnownFileType = sourcecode.swift; path = MWMovieCastAndCrewDetailsViewController.swift; sourceTree = "<group>"; };
		204377E0246CA2960063515B /* MWPersonCardView.swift */ = {isa = PBXFileReference; lastKnownFileType = sourcecode.swift; path = MWPersonCardView.swift; sourceTree = "<group>"; };
		204377E2246CA2B20063515B /* MWPersonDescription.swift */ = {isa = PBXFileReference; lastKnownFileType = sourcecode.swift; path = MWPersonDescription.swift; sourceTree = "<group>"; };
		204377E5246CA2DA0063515B /* MWPersonFilmographyView.swift */ = {isa = PBXFileReference; lastKnownFileType = sourcecode.swift; path = MWPersonFilmographyView.swift; sourceTree = "<group>"; };
		204377E8246CA86A0063515B /* MWPersonFilmographyCollectionViewCell.swift */ = {isa = PBXFileReference; lastKnownFileType = sourcecode.swift; path = MWPersonFilmographyCollectionViewCell.swift; sourceTree = "<group>"; };
		204377EC246CB89F0063515B /* APIMovieCredits.swift */ = {isa = PBXFileReference; lastKnownFileType = sourcecode.swift; path = APIMovieCredits.swift; sourceTree = "<group>"; };
		204377EF246CB97C0063515B /* APIMovieCreditsCast.swift */ = {isa = PBXFileReference; lastKnownFileType = sourcecode.swift; path = APIMovieCreditsCast.swift; sourceTree = "<group>"; };
		204377F1246CBA0D0063515B /* APIMovieCreditsCrew.swift */ = {isa = PBXFileReference; lastKnownFileType = sourcecode.swift; path = APIMovieCreditsCrew.swift; sourceTree = "<group>"; };
		2054D9002458AE8B00238869 /* MWCoreData.xcdatamodel */ = {isa = PBXFileReference; lastKnownFileType = wrapper.xcdatamodel; path = MWCoreData.xcdatamodel; sourceTree = "<group>"; };
		2073119C246227B800DF6F9C /* MWURLPath.swift */ = {isa = PBXFileReference; lastKnownFileType = sourcecode.swift; path = MWURLPath.swift; sourceTree = "<group>"; };
		2073119F246233FB00DF6F9C /* APIGenre.swift */ = {isa = PBXFileReference; lastKnownFileType = sourcecode.swift; path = APIGenre.swift; sourceTree = "<group>"; };
		2084701C251C68DD00BF03AC /* MWFilterViewController.swift */ = {isa = PBXFileReference; lastKnownFileType = sourcecode.swift; path = MWFilterViewController.swift; sourceTree = "<group>"; };
		2088CD71244A431A00BB1498 /* MWMoviesListViewController.swift */ = {isa = PBXFileReference; lastKnownFileType = sourcecode.swift; path = MWMoviesListViewController.swift; sourceTree = "<group>"; xcLanguageSpecificationIdentifier = xcode.lang.swift; };
		2088CD73244A47D100BB1498 /* MWMoviesListTableViewCell.swift */ = {isa = PBXFileReference; lastKnownFileType = sourcecode.swift; path = MWMoviesListTableViewCell.swift; sourceTree = "<group>"; };
		208EA4CF24658E4B00597AE3 /* MWGalleryView.swift */ = {isa = PBXFileReference; lastKnownFileType = sourcecode.swift; path = MWGalleryView.swift; sourceTree = "<group>"; };
		208EA4D22465989000597AE3 /* MWGalleryCollectionViewCell.swift */ = {isa = PBXFileReference; lastKnownFileType = sourcecode.swift; path = MWGalleryCollectionViewCell.swift; sourceTree = "<group>"; };
		20915A6924699EA0002CE857 /* MWGroupsCollectionViewLayout.swift */ = {isa = PBXFileReference; lastKnownFileType = sourcecode.swift; path = MWGroupsCollectionViewLayout.swift; sourceTree = "<group>"; };
		2091AB9F24649A7A00BD9CAA /* MWAllButton.swift */ = {isa = PBXFileReference; lastKnownFileType = sourcecode.swift; path = MWAllButton.swift; sourceTree = "<group>"; };
		2091ABA12464B7ED00BD9CAA /* APICast.swift */ = {isa = PBXFileReference; lastKnownFileType = sourcecode.swift; path = APICast.swift; sourceTree = "<group>"; };
		2091ABA32464B7FE00BD9CAA /* APIActor.swift */ = {isa = PBXFileReference; lastKnownFileType = sourcecode.swift; path = APIActor.swift; sourceTree = "<group>"; };
		2093E09D246DA419006601CC /* en */ = {isa = PBXFileReference; lastKnownFileType = text.plist.strings; name = en; path = en.lproj/Localizable.strings; sourceTree = "<group>"; };
		2093E09F246DA41E006601CC /* ru */ = {isa = PBXFileReference; lastKnownFileType = text.plist.strings; name = ru; path = ru.lproj/Localizable.strings; sourceTree = "<group>"; };
		2093E0A0246DD7B2006601CC /* UIView+Ex.swift */ = {isa = PBXFileReference; lastKnownFileType = sourcecode.swift; path = "UIView+Ex.swift"; sourceTree = "<group>"; };
		2093FF4224636D8800B52EBA /* MWMainSection.swift */ = {isa = PBXFileReference; lastKnownFileType = sourcecode.swift; path = MWMainSection.swift; sourceTree = "<group>"; };
		2093FF44246384BE00B52EBA /* MWSystem.swift */ = {isa = PBXFileReference; lastKnownFileType = sourcecode.swift; path = MWSystem.swift; sourceTree = "<group>"; };
		209468AF246F300500856339 /* MWResponse.swift */ = {isa = PBXFileReference; lastKnownFileType = sourcecode.swift; path = MWResponse.swift; sourceTree = "<group>"; };
		20987DBF2461FB4D00475500 /* MWBaseViewController.swift */ = {isa = PBXFileReference; lastKnownFileType = sourcecode.swift; path = MWBaseViewController.swift; sourceTree = "<group>"; };
		209CDE142440C4CF0062A239 /* MWError.swift */ = {isa = PBXFileReference; lastKnownFileType = sourcecode.swift; path = MWError.swift; sourceTree = "<group>"; };
		209CDE182440FC850062A239 /* APIGenres.swift */ = {isa = PBXFileReference; lastKnownFileType = sourcecode.swift; path = APIGenres.swift; sourceTree = "<group>"; };
		20AF99DF251E004200E0B705 /* RangeSlider.swift */ = {isa = PBXFileReference; lastKnownFileType = sourcecode.swift; path = RangeSlider.swift; sourceTree = "<group>"; };
		20B488DD2458916D0066444A /* MWPersistenceService.swift */ = {isa = PBXFileReference; lastKnownFileType = sourcecode.swift; path = MWPersistenceService.swift; sourceTree = "<group>"; };
		20D47853251CA536001CFAE2 /* MWFilterCountryViewController.swift */ = {isa = PBXFileReference; lastKnownFileType = sourcecode.swift; path = MWFilterCountryViewController.swift; sourceTree = "<group>"; };
		20D47855251CAD77001CFAE2 /* APICountry.swift */ = {isa = PBXFileReference; lastKnownFileType = sourcecode.swift; path = APICountry.swift; sourceTree = "<group>"; };
		20E7DAE3245B0F6600D04698 /* MWCastView.swift */ = {isa = PBXFileReference; lastKnownFileType = sourcecode.swift; path = MWCastView.swift; sourceTree = "<group>"; };
		20E7DAE6245B124700D04698 /* MWCastCollectionViewCell.swift */ = {isa = PBXFileReference; lastKnownFileType = sourcecode.swift; path = MWCastCollectionViewCell.swift; sourceTree = "<group>"; };
		84EAC6B3257B9A630042E1B4 /* Genre+CoreDataClass.swift */ = {isa = PBXFileReference; fileEncoding = 4; lastKnownFileType = sourcecode.swift; path = "Genre+CoreDataClass.swift"; sourceTree = "<group>"; };
		84EAC6B4257B9A630042E1B4 /* Genre+CoreDataProperties.swift */ = {isa = PBXFileReference; fileEncoding = 4; lastKnownFileType = sourcecode.swift; path = "Genre+CoreDataProperties.swift"; sourceTree = "<group>"; };
		84EAC6B6257B9A630042E1B4 /* MWCoreData.xcdatamodel */ = {isa = PBXFileReference; lastKnownFileType = wrapper.xcdatamodel; path = MWCoreData.xcdatamodel; sourceTree = "<group>"; };
		9A47900237E474F75D985542 /* Pods-MovieWorld.release.xcconfig */ = {isa = PBXFileReference; includeInIndex = 1; lastKnownFileType = text.xcconfig; name = "Pods-MovieWorld.release.xcconfig"; path = "Target Support Files/Pods-MovieWorld/Pods-MovieWorld.release.xcconfig"; sourceTree = "<group>"; };
		FA34BC662406CC70005E9D71 /* MWMainTableViewCell.swift */ = {isa = PBXFileReference; lastKnownFileType = sourcecode.swift; path = MWMainTableViewCell.swift; sourceTree = "<group>"; };
		FA34BC6A2406D88F005E9D71 /* MWMainCollectionViewCell.swift */ = {isa = PBXFileReference; lastKnownFileType = sourcecode.swift; path = MWMainCollectionViewCell.swift; sourceTree = "<group>"; };
		FA34BC6E2407E7A0005E9D71 /* APIMovie.swift */ = {isa = PBXFileReference; lastKnownFileType = sourcecode.swift; path = APIMovie.swift; sourceTree = "<group>"; };
		FA34BC97240C84E1005E9D71 /* MWNetwork.swift */ = {isa = PBXFileReference; lastKnownFileType = sourcecode.swift; path = MWNetwork.swift; sourceTree = "<group>"; };
		FAC0E5BE2402CA1500A94AF2 /* MWInterface.swift */ = {isa = PBXFileReference; lastKnownFileType = sourcecode.swift; path = MWInterface.swift; sourceTree = "<group>"; };
		FAC0E5C02402CBD000A94AF2 /* MWMainViewController.swift */ = {isa = PBXFileReference; lastKnownFileType = sourcecode.swift; path = MWMainViewController.swift; sourceTree = "<group>"; };
		FAC608432402D1280069BBF6 /* Colors.xcassets */ = {isa = PBXFileReference; lastKnownFileType = folder.assetcatalog; path = Colors.xcassets; sourceTree = "<group>"; };
		FAC608462402D1460069BBF6 /* Images.xcassets */ = {isa = PBXFileReference; lastKnownFileType = folder.assetcatalog; path = Images.xcassets; sourceTree = "<group>"; };
		FAC608482402D49B0069BBF6 /* MWMainTabBarController.swift */ = {isa = PBXFileReference; lastKnownFileType = sourcecode.swift; path = MWMainTabBarController.swift; sourceTree = "<group>"; };
		FAC6084A2402D5660069BBF6 /* MWCategoryViewController.swift */ = {isa = PBXFileReference; lastKnownFileType = sourcecode.swift; path = MWCategoryViewController.swift; sourceTree = "<group>"; };
		FAC6084C2402D5C80069BBF6 /* MWSearchViewController.swift */ = {isa = PBXFileReference; lastKnownFileType = sourcecode.swift; path = MWSearchViewController.swift; sourceTree = "<group>"; };
		FAE1F0B523FE037E00D26834 /* MovieWorld.app */ = {isa = PBXFileReference; explicitFileType = wrapper.application; includeInIndex = 0; path = MovieWorld.app; sourceTree = BUILT_PRODUCTS_DIR; };
		FAE1F0B823FE037E00D26834 /* AppDelegate.swift */ = {isa = PBXFileReference; lastKnownFileType = sourcecode.swift; path = AppDelegate.swift; sourceTree = "<group>"; };
		FAE1F0C123FE038800D26834 /* Assets.xcassets */ = {isa = PBXFileReference; lastKnownFileType = folder.assetcatalog; path = Assets.xcassets; sourceTree = "<group>"; };
		FAE1F0C423FE038800D26834 /* Base */ = {isa = PBXFileReference; lastKnownFileType = file.storyboard; name = Base; path = Base.lproj/LaunchScreen.storyboard; sourceTree = "<group>"; };
		FAE1F0C623FE038800D26834 /* Info.plist */ = {isa = PBXFileReference; lastKnownFileType = text.plist.xml; path = Info.plist; sourceTree = "<group>"; };
/* End PBXFileReference section */

/* Begin PBXFrameworksBuildPhase section */
		FAE1F0B223FE037E00D26834 /* Frameworks */ = {
			isa = PBXFrameworksBuildPhase;
			buildActionMask = 2147483647;
			files = (
				15706EA58E6E0B24ACB9FFFF /* Pods_MovieWorld.framework in Frameworks */,
			);
			runOnlyForDeploymentPostprocessing = 0;
		};
/* End PBXFrameworksBuildPhase section */

/* Begin PBXGroup section */
		0A2FB888A75B5D64BDC9ADAF /* Frameworks */ = {
			isa = PBXGroup;
			children = (
				10F32DC875D21C19D2FDF4B1 /* Pods_MovieWorld.framework */,
			);
			name = Frameworks;
			sourceTree = "<group>";
		};
		200733EE251CD17400F3BDE2 /* Views */ = {
			isa = PBXGroup;
			children = (
			);
			path = Views;
			sourceTree = "<group>";
		};
		200A2035244D108600D538E5 /* MoviesList */ = {
			isa = PBXGroup;
			children = (
				20E7DAE1245AF0E800D04698 /* Models */,
				200A2037244D110600D538E5 /* Views */,
				200A2036244D10F400D538E5 /* Controllers */,
			);
			path = MoviesList;
			sourceTree = "<group>";
		};
		200A2036244D10F400D538E5 /* Controllers */ = {
			isa = PBXGroup;
			children = (
				2088CD71244A431A00BB1498 /* MWMoviesListViewController.swift */,
			);
			path = Controllers;
			sourceTree = "<group>";
		};
		200A2037244D110600D538E5 /* Views */ = {
			isa = PBXGroup;
			children = (
				20915A6824699E7F002CE857 /* Layouts */,
				200A2038244D111100D538E5 /* Cells */,
			);
			path = Views;
			sourceTree = "<group>";
		};
		200A2038244D111100D538E5 /* Cells */ = {
			isa = PBXGroup;
			children = (
				2088CD73244A47D100BB1498 /* MWMoviesListTableViewCell.swift */,
				200A2039244D1B6400D538E5 /* MWGroupstCollectionViewCell.swift */,
			);
			path = Cells;
			sourceTree = "<group>";
		};
		200F6E57246AF08400920769 /* MovieCastAndCrew */ = {
			isa = PBXGroup;
			children = (
				200F6E5A246AF0AD00920769 /* Models */,
				200F6E59246AF0A600920769 /* Views */,
				200F6E58246AF09F00920769 /* Controllers */,
			);
			path = MovieCastAndCrew;
			sourceTree = "<group>";
		};
		200F6E58246AF09F00920769 /* Controllers */ = {
			isa = PBXGroup;
			children = (
				200F6E5C246AF10800920769 /* MWMovieCastAndCrewViewController.swift */,
				2015AC872524A0D700D9F56B /* MWCastAndCreViewwController.swift */,
				2015AC892524A0F900D9F56B /* MWCastViewController.swift */,
				2015AC8B2524A11500D9F56B /* MWCrewViewController.swift */,
			);
			path = Controllers;
			sourceTree = "<group>";
		};
		200F6E59246AF0A600920769 /* Views */ = {
			isa = PBXGroup;
			children = (
				200F6E5B246AF0B400920769 /* Cells */,
			);
			path = Views;
			sourceTree = "<group>";
		};
		200F6E5A246AF0AD00920769 /* Models */ = {
			isa = PBXGroup;
			children = (
				204377D8246C9F030063515B /* MWCrewSection.swift */,
			);
			path = Models;
			sourceTree = "<group>";
		};
		200F6E5B246AF0B400920769 /* Cells */ = {
			isa = PBXGroup;
			children = (
				200F6E5F246AF29A00920769 /* MWMovieCastTableViewCell.swift */,
			);
			path = Cells;
			sourceTree = "<group>";
		};
		203B9ED6245A0C400035D232 /* MovieDeteils */ = {
			isa = PBXGroup;
			children = (
				203B9ED9245A0C650035D232 /* Models */,
				203B9ED8245A0C5E0035D232 /* Views */,
				203B9ED7245A0C4E0035D232 /* Controllers */,
			);
			path = MovieDeteils;
			sourceTree = "<group>";
		};
		203B9ED7245A0C4E0035D232 /* Controllers */ = {
			isa = PBXGroup;
			children = (
				203B9EDA245A0E2A0035D232 /* MWDetailsViewConroller.swift */,
			);
			path = Controllers;
			sourceTree = "<group>";
		};
		203B9ED8245A0C5E0035D232 /* Views */ = {
			isa = PBXGroup;
			children = (
				20E7DAE5245B122700D04698 /* Cells */,
				203B9EDC245A10200035D232 /* MWCardView.swift */,
				203B9EDE245A18140035D232 /* MWFilmView.swift */,
				203B9EE0245A28750035D232 /* MWDescription.swift */,
				20E7DAE3245B0F6600D04698 /* MWCastView.swift */,
				208EA4CF24658E4B00597AE3 /* MWGalleryView.swift */,
			);
			path = Views;
			sourceTree = "<group>";
		};
		203B9ED9245A0C650035D232 /* Models */ = {
			isa = PBXGroup;
			children = (
				2091ABA12464B7ED00BD9CAA /* APICast.swift */,
				2091ABA32464B7FE00BD9CAA /* APIActor.swift */,
				200F6E61246B080E00920769 /* APICredit.swift */,
				200F6E63246B0ED900920769 /* APIPerson.swift */,
				201D94BE2466D73900EDF9E8 /* APIMedia.swift */,
				201D94C02466D74800EDF9E8 /* APIVideo.swift */,
				201D94C52466E35100EDF9E8 /* APIGallery.swift */,
				201D94C22466E33C00EDF9E8 /* APIImage.swift */,
			);
			path = Models;
			sourceTree = "<group>";
		};
		204377DA246C9FB50063515B /* MovieCastAndCrewDetails */ = {
			isa = PBXGroup;
			children = (
				204377DD246C9FE30063515B /* Models */,
				204377DC246C9FD80063515B /* Views */,
				204377DB246C9FD00063515B /* Controllers */,
			);
			path = MovieCastAndCrewDetails;
			sourceTree = "<group>";
		};
		204377DB246C9FD00063515B /* Controllers */ = {
			isa = PBXGroup;
			children = (
				204377DE246CA01D0063515B /* MWMovieCastAndCrewDetailsViewController.swift */,
			);
			path = Controllers;
			sourceTree = "<group>";
		};
		204377DC246C9FD80063515B /* Views */ = {
			isa = PBXGroup;
			children = (
				204377E7246CA80E0063515B /* Cells */,
				204377E0246CA2960063515B /* MWPersonCardView.swift */,
				204377E5246CA2DA0063515B /* MWPersonFilmographyView.swift */,
				204377E2246CA2B20063515B /* MWPersonDescription.swift */,
			);
			path = Views;
			sourceTree = "<group>";
		};
		204377DD246C9FE30063515B /* Models */ = {
			isa = PBXGroup;
			children = (
				204377EC246CB89F0063515B /* APIMovieCredits.swift */,
				204377EF246CB97C0063515B /* APIMovieCreditsCast.swift */,
				204377F1246CBA0D0063515B /* APIMovieCreditsCrew.swift */,
			);
			path = Models;
			sourceTree = "<group>";
		};
		204377E7246CA80E0063515B /* Cells */ = {
			isa = PBXGroup;
			children = (
				204377E8246CA86A0063515B /* MWPersonFilmographyCollectionViewCell.swift */,
			);
			path = Cells;
			sourceTree = "<group>";
		};
		2073119E2462297D00DF6F9C /* System */ = {
			isa = PBXGroup;
			children = (
				2093FF44246384BE00B52EBA /* MWSystem.swift */,
			);
			path = System;
			sourceTree = "<group>";
		};
		2084701A251C68BA00BF03AC /* Filter */ = {
			isa = PBXGroup;
			children = (
				200733EE251CD17400F3BDE2 /* Views */,
				20D47857251CAD7C001CFAE2 /* Models */,
				2084701B251C68C600BF03AC /* Controllers */,
			);
			path = Filter;
			sourceTree = "<group>";
		};
		2084701B251C68C600BF03AC /* Controllers */ = {
			isa = PBXGroup;
			children = (
				2084701C251C68DD00BF03AC /* MWFilterViewController.swift */,
				20D47853251CA536001CFAE2 /* MWFilterCountryViewController.swift */,
			);
			path = Controllers;
			sourceTree = "<group>";
		};
		20915A6824699E7F002CE857 /* Layouts */ = {
			isa = PBXGroup;
			children = (
				20915A6924699EA0002CE857 /* MWGroupsCollectionViewLayout.swift */,
			);
			path = Layouts;
			sourceTree = "<group>";
		};
		2091AB9E24649A5700BD9CAA /* Buttons */ = {
			isa = PBXGroup;
			children = (
				2091AB9F24649A7A00BD9CAA /* MWAllButton.swift */,
			);
			path = Buttons;
			sourceTree = "<group>";
		};
		2093E090246D9E72006601CC /* Localization */ = {
			isa = PBXGroup;
			children = (
				2093E09E246DA419006601CC /* Localizable.strings */,
			);
			name = Localization;
			path = Utility/MovieWorld/Utility/Localization;
			sourceTree = "<group>";
		};
		20AF99DE251DFFEE00E0B705 /* RangeSlider */ = {
			isa = PBXGroup;
			children = (
				20AF99DF251E004200E0B705 /* RangeSlider.swift */,
			);
			path = RangeSlider;
			sourceTree = "<group>";
		};
		20AF99E1251E067900E0B705 /* YearPickerView */ = {
			isa = PBXGroup;
			children = (
				200733F3251CD9A000F3BDE2 /* MWYearPickerView.swift */,
			);
			path = YearPickerView;
			sourceTree = "<group>";
		};
		20B488D92458893B0066444A /* CoreData */ = {
			isa = PBXGroup;
			children = (
				84EAC6B3257B9A630042E1B4 /* Genre+CoreDataClass.swift */,
				84EAC6B4257B9A630042E1B4 /* Genre+CoreDataProperties.swift */,
				84EAC6B5257B9A630042E1B4 /* MWGenresList.xcdatamodeld */,
				20B488DD2458916D0066444A /* MWPersistenceService.swift */,
				2054D8FF2458AE8B00238869 /* MWGenresList.xcdatamodeld */,
			);
			path = CoreData;
			sourceTree = "<group>";
		};
		20D47857251CAD7C001CFAE2 /* Models */ = {
			isa = PBXGroup;
			children = (
				20D47855251CAD77001CFAE2 /* APICountry.swift */,
			);
			path = Models;
			sourceTree = "<group>";
		};
		20E7DAE1245AF0E800D04698 /* Models */ = {
			isa = PBXGroup;
			children = (
				201D94C92466EE2D00EDF9E8 /* APIMovieDetails.swift */,
				201D94CB24671ED300EDF9E8 /* APIProductionCountries.swift */,
			);
			path = Models;
			sourceTree = "<group>";
		};
		20E7DAE5245B122700D04698 /* Cells */ = {
			isa = PBXGroup;
			children = (
				20E7DAE6245B124700D04698 /* MWCastCollectionViewCell.swift */,
				208EA4D22465989000597AE3 /* MWGalleryCollectionViewCell.swift */,
			);
			path = Cells;
			sourceTree = "<group>";
		};
		24074356D89AF8F8EE971913 /* Pods */ = {
			isa = PBXGroup;
			children = (
				10E2D8921EA57950A189310F /* Pods-MovieWorld.debug.xcconfig */,
				9A47900237E474F75D985542 /* Pods-MovieWorld.release.xcconfig */,
			);
			path = Pods;
			sourceTree = "<group>";
		};
		FA34BC652406C8FC005E9D71 /* Cells */ = {
			isa = PBXGroup;
			children = (
				FA34BC662406CC70005E9D71 /* MWMainTableViewCell.swift */,
				FA34BC6A2406D88F005E9D71 /* MWMainCollectionViewCell.swift */,
			);
			path = Cells;
			sourceTree = "<group>";
		};
		FA34BC90240C8465005E9D71 /* Network */ = {
			isa = PBXGroup;
			children = (
				FA34BC97240C84E1005E9D71 /* MWNetwork.swift */,
				209CDE142440C4CF0062A239 /* MWError.swift */,
				209468AF246F300500856339 /* MWResponse.swift */,
				2073119C246227B800DF6F9C /* MWURLPath.swift */,
				201D94C72466E9B100EDF9E8 /* MWImagesBaseURL.swift */,
			);
			path = Network;
			sourceTree = "<group>";
		};
		FAC0E5A92402C69C00A94AF2 /* Common */ = {
			isa = PBXGroup;
			children = (
				2073119E2462297D00DF6F9C /* System */,
				FA34BC90240C8465005E9D71 /* Network */,
				FAC0E5AE2402C80300A94AF2 /* Navigaton */,
				FAC0E5AF2402C87800A94AF2 /* Controllers */,
			);
			path = Common;
			sourceTree = "<group>";
		};
		FAC0E5AA2402C6B500A94AF2 /* Features */ = {
			isa = PBXGroup;
			children = (
				204377DA246C9FB50063515B /* MovieCastAndCrewDetails */,
				200F6E57246AF08400920769 /* MovieCastAndCrew */,
				203B9ED6245A0C400035D232 /* MovieDeteils */,
				200A2035244D108600D538E5 /* MoviesList */,
				FAC0E5B92402C96B00A94AF2 /* Main */,
				FAC0E5B52402C92E00A94AF2 /* Category */,
				FAC0E5B12402C8E400A94AF2 /* Search */,
				2084701A251C68BA00BF03AC /* Filter */,
			);
			path = Features;
			sourceTree = "<group>";
		};
		FAC0E5AB2402C6CB00A94AF2 /* Utility */ = {
			isa = PBXGroup;
			children = (
				20AF99E1251E067900E0B705 /* YearPickerView */,
				20AF99DE251DFFEE00E0B705 /* RangeSlider */,
			);
			path = Utility;
			sourceTree = "<group>";
		};
		FAC0E5AC2402C6D800A94AF2 /* Extensions */ = {
			isa = PBXGroup;
			children = (
				2021A7FC243E2CB40091476C /* MWNetwork+ExUtility.swift */,
				2021A7FE243E2DD90091476C /* String+Ex.swift */,
				201D94BC2466D2F200EDF9E8 /* Notification.Name+Ex.swift */,
				2093E0A0246DD7B2006601CC /* UIView+Ex.swift */,
			);
			path = Extensions;
			sourceTree = "<group>";
		};
		FAC0E5AD2402C6E500A94AF2 /* Resources */ = {
			isa = PBXGroup;
			children = (
				FAE1F0C123FE038800D26834 /* Assets.xcassets */,
				FAC608432402D1280069BBF6 /* Colors.xcassets */,
				FAC608462402D1460069BBF6 /* Images.xcassets */,
				FAE1F0C323FE038800D26834 /* LaunchScreen.storyboard */,
			);
			path = Resources;
			sourceTree = "<group>";
		};
		FAC0E5AE2402C80300A94AF2 /* Navigaton */ = {
			isa = PBXGroup;
			children = (
				FAC0E5BE2402CA1500A94AF2 /* MWInterface.swift */,
			);
			path = Navigaton;
			sourceTree = "<group>";
		};
		FAC0E5AF2402C87800A94AF2 /* Controllers */ = {
			isa = PBXGroup;
			children = (
				FAC608482402D49B0069BBF6 /* MWMainTabBarController.swift */,
				20987DBF2461FB4D00475500 /* MWBaseViewController.swift */,
			);
			path = Controllers;
			sourceTree = "<group>";
		};
		FAC0E5B12402C8E400A94AF2 /* Search */ = {
			isa = PBXGroup;
			children = (
				FAC0E5B42402C91800A94AF2 /* Models */,
				FAC0E5B32402C90800A94AF2 /* Views */,
				FAC0E5B22402C8FC00A94AF2 /* Controllers */,
			);
			path = Search;
			sourceTree = "<group>";
		};
		FAC0E5B22402C8FC00A94AF2 /* Controllers */ = {
			isa = PBXGroup;
			children = (
				FAC6084C2402D5C80069BBF6 /* MWSearchViewController.swift */,
			);
			path = Controllers;
			sourceTree = "<group>";
		};
		FAC0E5B32402C90800A94AF2 /* Views */ = {
			isa = PBXGroup;
			children = (
			);
			path = Views;
			sourceTree = "<group>";
		};
		FAC0E5B42402C91800A94AF2 /* Models */ = {
			isa = PBXGroup;
			children = (
			);
			path = Models;
			sourceTree = "<group>";
		};
		FAC0E5B52402C92E00A94AF2 /* Category */ = {
			isa = PBXGroup;
			children = (
				FAC0E5B82402C95600A94AF2 /* Models */,
				FAC0E5B72402C94F00A94AF2 /* Views */,
				FAC0E5B62402C93F00A94AF2 /* Controllers */,
			);
			path = Category;
			sourceTree = "<group>";
		};
		FAC0E5B62402C93F00A94AF2 /* Controllers */ = {
			isa = PBXGroup;
			children = (
				FAC6084A2402D5660069BBF6 /* MWCategoryViewController.swift */,
			);
			path = Controllers;
			sourceTree = "<group>";
		};
		FAC0E5B72402C94F00A94AF2 /* Views */ = {
			isa = PBXGroup;
			children = (
			);
			path = Views;
			sourceTree = "<group>";
		};
		FAC0E5B82402C95600A94AF2 /* Models */ = {
			isa = PBXGroup;
			children = (
			);
			path = Models;
			sourceTree = "<group>";
		};
		FAC0E5B92402C96B00A94AF2 /* Main */ = {
			isa = PBXGroup;
			children = (
				FAC0E5BC2402C97F00A94AF2 /* Models */,
				FAC0E5BB2402C97A00A94AF2 /* Views */,
				FAC0E5BA2402C97300A94AF2 /* Controllers */,
			);
			path = Main;
			sourceTree = "<group>";
		};
		FAC0E5BA2402C97300A94AF2 /* Controllers */ = {
			isa = PBXGroup;
			children = (
				FAC0E5C02402CBD000A94AF2 /* MWMainViewController.swift */,
			);
			path = Controllers;
			sourceTree = "<group>";
		};
		FAC0E5BB2402C97A00A94AF2 /* Views */ = {
			isa = PBXGroup;
			children = (
				2091AB9E24649A5700BD9CAA /* Buttons */,
				FA34BC652406C8FC005E9D71 /* Cells */,
			);
			path = Views;
			sourceTree = "<group>";
		};
		FAC0E5BC2402C97F00A94AF2 /* Models */ = {
			isa = PBXGroup;
			children = (
				FA34BC6E2407E7A0005E9D71 /* APIMovie.swift */,
				2021A800243E37EB0091476C /* APIResults.swift */,
				209CDE182440FC850062A239 /* APIGenres.swift */,
				2073119F246233FB00DF6F9C /* APIGenre.swift */,
				2093FF4224636D8800B52EBA /* MWMainSection.swift */,
			);
			path = Models;
			sourceTree = "<group>";
		};
		FAE1F0AC23FE037E00D26834 = {
			isa = PBXGroup;
			children = (
				FAE1F0B723FE037E00D26834 /* MovieWorld */,
				FAE1F0B623FE037E00D26834 /* Products */,
				24074356D89AF8F8EE971913 /* Pods */,
				0A2FB888A75B5D64BDC9ADAF /* Frameworks */,
			);
			sourceTree = "<group>";
		};
		FAE1F0B623FE037E00D26834 /* Products */ = {
			isa = PBXGroup;
			children = (
				FAE1F0B523FE037E00D26834 /* MovieWorld.app */,
			);
			name = Products;
			sourceTree = "<group>";
		};
		FAE1F0B723FE037E00D26834 /* MovieWorld */ = {
			isa = PBXGroup;
			children = (
				FAE1F0B823FE037E00D26834 /* AppDelegate.swift */,
				FAE1F0C623FE038800D26834 /* Info.plist */,
				FAC0E5A92402C69C00A94AF2 /* Common */,
				FAC0E5AA2402C6B500A94AF2 /* Features */,
				FAC0E5AC2402C6D800A94AF2 /* Extensions */,
				FAC0E5AB2402C6CB00A94AF2 /* Utility */,
				2093E090246D9E72006601CC /* Localization */,
				FAC0E5AD2402C6E500A94AF2 /* Resources */,
				20B488D92458893B0066444A /* CoreData */,
			);
			path = MovieWorld;
			sourceTree = "<group>";
		};
/* End PBXGroup section */

/* Begin PBXNativeTarget section */
		FAE1F0B423FE037E00D26834 /* MovieWorld */ = {
			isa = PBXNativeTarget;
			buildConfigurationList = FAE1F0C923FE038800D26834 /* Build configuration list for PBXNativeTarget "MovieWorld" */;
			buildPhases = (
				D40719E1DC7F05690B4604F2 /* [CP] Check Pods Manifest.lock */,
				FAE1F0B123FE037E00D26834 /* Sources */,
				FAE1F0B223FE037E00D26834 /* Frameworks */,
				FAE1F0B323FE037E00D26834 /* Resources */,
				5BCBBCC4E924985C1FAE0549 /* [CP] Embed Pods Frameworks */,
			);
			buildRules = (
			);
			dependencies = (
			);
			name = MovieWorld;
			productName = MovieWorld;
			productReference = FAE1F0B523FE037E00D26834 /* MovieWorld.app */;
			productType = "com.apple.product-type.application";
		};
/* End PBXNativeTarget section */

/* Begin PBXProject section */
		FAE1F0AD23FE037E00D26834 /* Project object */ = {
			isa = PBXProject;
			attributes = {
				LastSwiftUpdateCheck = 1120;
				LastUpgradeCheck = 1120;
				ORGANIZATIONNAME = Murad;
				TargetAttributes = {
					FAE1F0B423FE037E00D26834 = {
						CreatedOnToolsVersion = 11.2.1;
					};
				};
			};
			buildConfigurationList = FAE1F0B023FE037E00D26834 /* Build configuration list for PBXProject "MovieWorld" */;
			compatibilityVersion = "Xcode 9.3";
			developmentRegion = en;
			hasScannedForEncodings = 0;
			knownRegions = (
				en,
				Base,
				ru,
			);
			mainGroup = FAE1F0AC23FE037E00D26834;
			productRefGroup = FAE1F0B623FE037E00D26834 /* Products */;
			projectDirPath = "";
			projectRoot = "";
			targets = (
				FAE1F0B423FE037E00D26834 /* MovieWorld */,
			);
		};
/* End PBXProject section */

/* Begin PBXResourcesBuildPhase section */
		FAE1F0B323FE037E00D26834 /* Resources */ = {
			isa = PBXResourcesBuildPhase;
			buildActionMask = 2147483647;
			files = (
				2093E09C246DA419006601CC /* Localizable.strings in Resources */,
				FAC608442402D1280069BBF6 /* Colors.xcassets in Resources */,
				FAC608472402D1460069BBF6 /* Images.xcassets in Resources */,
				FAE1F0C523FE038800D26834 /* LaunchScreen.storyboard in Resources */,
				FAE1F0C223FE038800D26834 /* Assets.xcassets in Resources */,
			);
			runOnlyForDeploymentPostprocessing = 0;
		};
/* End PBXResourcesBuildPhase section */

/* Begin PBXShellScriptBuildPhase section */
		5BCBBCC4E924985C1FAE0549 /* [CP] Embed Pods Frameworks */ = {
			isa = PBXShellScriptBuildPhase;
			buildActionMask = 2147483647;
			files = (
			);
			inputFileListPaths = (
				"${PODS_ROOT}/Target Support Files/Pods-MovieWorld/Pods-MovieWorld-frameworks-${CONFIGURATION}-input-files.xcfilelist",
			);
			name = "[CP] Embed Pods Frameworks";
			outputFileListPaths = (
				"${PODS_ROOT}/Target Support Files/Pods-MovieWorld/Pods-MovieWorld-frameworks-${CONFIGURATION}-output-files.xcfilelist",
			);
			runOnlyForDeploymentPostprocessing = 0;
			shellPath = /bin/sh;
			shellScript = "\"${PODS_ROOT}/Target Support Files/Pods-MovieWorld/Pods-MovieWorld-frameworks.sh\"\n";
			showEnvVarsInLog = 0;
		};
		D40719E1DC7F05690B4604F2 /* [CP] Check Pods Manifest.lock */ = {
			isa = PBXShellScriptBuildPhase;
			buildActionMask = 2147483647;
			files = (
			);
			inputFileListPaths = (
			);
			inputPaths = (
				"${PODS_PODFILE_DIR_PATH}/Podfile.lock",
				"${PODS_ROOT}/Manifest.lock",
			);
			name = "[CP] Check Pods Manifest.lock";
			outputFileListPaths = (
			);
			outputPaths = (
				"$(DERIVED_FILE_DIR)/Pods-MovieWorld-checkManifestLockResult.txt",
			);
			runOnlyForDeploymentPostprocessing = 0;
			shellPath = /bin/sh;
			shellScript = "diff \"${PODS_PODFILE_DIR_PATH}/Podfile.lock\" \"${PODS_ROOT}/Manifest.lock\" > /dev/null\nif [ $? != 0 ] ; then\n    # print error to STDERR\n    echo \"error: The sandbox is not in sync with the Podfile.lock. Run 'pod install' or update your CocoaPods installation.\" >&2\n    exit 1\nfi\n# This output is used by Xcode 'outputs' to avoid re-running this script phase.\necho \"SUCCESS\" > \"${SCRIPT_OUTPUT_FILE_0}\"\n";
			showEnvVarsInLog = 0;
		};
/* End PBXShellScriptBuildPhase section */

/* Begin PBXSourcesBuildPhase section */
		FAE1F0B123FE037E00D26834 /* Sources */ = {
			isa = PBXSourcesBuildPhase;
			buildActionMask = 2147483647;
			files = (
				FA34BC672406CC70005E9D71 /* MWMainTableViewCell.swift in Sources */,
				20E7DAE4245B0F6600D04698 /* MWCastView.swift in Sources */,
				201D94CC24671ED300EDF9E8 /* APIProductionCountries.swift in Sources */,
				FAC608492402D49B0069BBF6 /* MWMainTabBarController.swift in Sources */,
				200F6E60246AF29A00920769 /* MWMovieCastTableViewCell.swift in Sources */,
				203B9EDB245A0E2A0035D232 /* MWDetailsViewConroller.swift in Sources */,
				FAC0E5C12402CBD000A94AF2 /* MWMainViewController.swift in Sources */,
				FA34BC6F2407E7A0005E9D71 /* APIMovie.swift in Sources */,
				2015AC8A2524A0FA00D9F56B /* MWCastViewController.swift in Sources */,
				204377F0246CB97C0063515B /* APIMovieCreditsCast.swift in Sources */,
				2021A801243E37EB0091476C /* APIResults.swift in Sources */,
				201D94CA2466EE2D00EDF9E8 /* APIMovieDetails.swift in Sources */,
				84EAC6B7257B9A630042E1B4 /* Genre+CoreDataClass.swift in Sources */,
				20E7DAE7245B124700D04698 /* MWCastCollectionViewCell.swift in Sources */,
				2073119D246227B800DF6F9C /* MWURLPath.swift in Sources */,
				204377ED246CB89F0063515B /* APIMovieCredits.swift in Sources */,
				2088CD72244A431A00BB1498 /* MWMoviesListViewController.swift in Sources */,
				FAE1F0B923FE037E00D26834 /* AppDelegate.swift in Sources */,
				203B9EDF245A18140035D232 /* MWFilmView.swift in Sources */,
				2093FF45246384BE00B52EBA /* MWSystem.swift in Sources */,
				2093FF4324636D8800B52EBA /* MWMainSection.swift in Sources */,
				2015AC882524A0D700D9F56B /* MWCastAndCreViewwController.swift in Sources */,
				2091ABA22464B7ED00BD9CAA /* APICast.swift in Sources */,
				20B488DE2458916D0066444A /* MWPersistenceService.swift in Sources */,
				200F6E5D246AF10800920769 /* MWMovieCastAndCrewViewController.swift in Sources */,
				FA34BC98240C84E1005E9D71 /* MWNetwork.swift in Sources */,
				20987DC02461FB4D00475500 /* MWBaseViewController.swift in Sources */,
				204377E1246CA2960063515B /* MWPersonCardView.swift in Sources */,
				200733F4251CD9A000F3BDE2 /* MWYearPickerView.swift in Sources */,
				201D94BD2466D2F200EDF9E8 /* Notification.Name+Ex.swift in Sources */,
				209CDE192440FC850062A239 /* APIGenres.swift in Sources */,
				2088CD74244A47D100BB1498 /* MWMoviesListTableViewCell.swift in Sources */,
				2015AC8C2524A11500D9F56B /* MWCrewViewController.swift in Sources */,
				20AF99E0251E004200E0B705 /* RangeSlider.swift in Sources */,
				203B9EE1245A28750035D232 /* MWDescription.swift in Sources */,
				FAC0E5BF2402CA1500A94AF2 /* MWInterface.swift in Sources */,
				209CDE152440C4CF0062A239 /* MWError.swift in Sources */,
				201D94C12466D74800EDF9E8 /* APIVideo.swift in Sources */,
				20915A6A24699EA0002CE857 /* MWGroupsCollectionViewLayout.swift in Sources */,
				204377DF246CA01D0063515B /* MWMovieCastAndCrewDetailsViewController.swift in Sources */,
				2054D9012458AE8B00238869 /* MWGenresList.xcdatamodeld in Sources */,
				2093E0A1246DD7B2006601CC /* UIView+Ex.swift in Sources */,
				204377E3246CA2B20063515B /* MWPersonDescription.swift in Sources */,
				208EA4D32465989000597AE3 /* MWGalleryCollectionViewCell.swift in Sources */,
				201D94BF2466D73900EDF9E8 /* APIMedia.swift in Sources */,
				209468B0246F300500856339 /* MWResponse.swift in Sources */,
				2091ABA42464B7FE00BD9CAA /* APIActor.swift in Sources */,
				84EAC6B8257B9A630042E1B4 /* Genre+CoreDataProperties.swift in Sources */,
				200F6E64246B0ED900920769 /* APIPerson.swift in Sources */,
				2021A7FD243E2CB40091476C /* MWNetwork+ExUtility.swift in Sources */,
				FA34BC6C2406D88F005E9D71 /* MWMainCollectionViewCell.swift in Sources */,
				201D94C62466E35100EDF9E8 /* APIGallery.swift in Sources */,
				2021A7FF243E2DD90091476C /* String+Ex.swift in Sources */,
				2091ABA024649A7A00BD9CAA /* MWAllButton.swift in Sources */,
				200A203A244D1B6400D538E5 /* MWGroupstCollectionViewCell.swift in Sources */,
				201D94C82466E9B100EDF9E8 /* MWImagesBaseURL.swift in Sources */,
				203B9EDD245A10200035D232 /* MWCardView.swift in Sources */,
				208EA4D024658E4B00597AE3 /* MWGalleryView.swift in Sources */,
				FAC6084B2402D5660069BBF6 /* MWCategoryViewController.swift in Sources */,
				20D47854251CA536001CFAE2 /* MWFilterCountryViewController.swift in Sources */,
				204377E9246CA86A0063515B /* MWPersonFilmographyCollectionViewCell.swift in Sources */,
				204377E6246CA2DA0063515B /* MWPersonFilmographyView.swift in Sources */,
				20D47856251CAD77001CFAE2 /* APICountry.swift in Sources */,
				204377F2246CBA0D0063515B /* APIMovieCreditsCrew.swift in Sources */,
				FAC6084D2402D5C80069BBF6 /* MWSearchViewController.swift in Sources */,
				2084701D251C68DD00BF03AC /* MWFilterViewController.swift in Sources */,
				207311A0246233FB00DF6F9C /* APIGenre.swift in Sources */,
				84EAC6B9257B9A630042E1B4 /* MWGenresList.xcdatamodeld in Sources */,
				204377D9246C9F030063515B /* MWCrewSection.swift in Sources */,
				200F6E62246B080E00920769 /* APICredit.swift in Sources */,
				201D94C32466E33C00EDF9E8 /* APIImage.swift in Sources */,
			);
			runOnlyForDeploymentPostprocessing = 0;
		};
/* End PBXSourcesBuildPhase section */

/* Begin PBXVariantGroup section */
		2093E09E246DA419006601CC /* Localizable.strings */ = {
			isa = PBXVariantGroup;
			children = (
				2093E09D246DA419006601CC /* en */,
				2093E09F246DA41E006601CC /* ru */,
			);
			name = Localizable.strings;
			path = MovieWorld/Features/MovieCastAndCrewDetails/Models;
			sourceTree = SOURCE_ROOT;
		};
		FAE1F0C323FE038800D26834 /* LaunchScreen.storyboard */ = {
			isa = PBXVariantGroup;
			children = (
				FAE1F0C423FE038800D26834 /* Base */,
			);
			name = LaunchScreen.storyboard;
			sourceTree = "<group>";
		};
/* End PBXVariantGroup section */

/* Begin XCBuildConfiguration section */
		FAE1F0C723FE038800D26834 /* Debug */ = {
			isa = XCBuildConfiguration;
			buildSettings = {
				ALWAYS_SEARCH_USER_PATHS = NO;
				CLANG_ANALYZER_LOCALIZABILITY_NONLOCALIZED = YES;
				CLANG_ANALYZER_NONNULL = YES;
				CLANG_ANALYZER_NUMBER_OBJECT_CONVERSION = YES_AGGRESSIVE;
				CLANG_CXX_LANGUAGE_STANDARD = "gnu++14";
				CLANG_CXX_LIBRARY = "libc++";
				CLANG_ENABLE_MODULES = YES;
				CLANG_ENABLE_OBJC_ARC = YES;
				CLANG_ENABLE_OBJC_WEAK = YES;
				CLANG_WARN_BLOCK_CAPTURE_AUTORELEASING = YES;
				CLANG_WARN_BOOL_CONVERSION = YES;
				CLANG_WARN_COMMA = YES;
				CLANG_WARN_CONSTANT_CONVERSION = YES;
				CLANG_WARN_DEPRECATED_OBJC_IMPLEMENTATIONS = YES;
				CLANG_WARN_DIRECT_OBJC_ISA_USAGE = YES_ERROR;
				CLANG_WARN_DOCUMENTATION_COMMENTS = YES;
				CLANG_WARN_EMPTY_BODY = YES;
				CLANG_WARN_ENUM_CONVERSION = YES;
				CLANG_WARN_INFINITE_RECURSION = YES;
				CLANG_WARN_INT_CONVERSION = YES;
				CLANG_WARN_NON_LITERAL_NULL_CONVERSION = YES;
				CLANG_WARN_OBJC_IMPLICIT_RETAIN_SELF = YES;
				CLANG_WARN_OBJC_LITERAL_CONVERSION = YES;
				CLANG_WARN_OBJC_ROOT_CLASS = YES_ERROR;
				CLANG_WARN_RANGE_LOOP_ANALYSIS = YES;
				CLANG_WARN_STRICT_PROTOTYPES = YES;
				CLANG_WARN_SUSPICIOUS_MOVE = YES;
				CLANG_WARN_UNGUARDED_AVAILABILITY = YES_AGGRESSIVE;
				CLANG_WARN_UNREACHABLE_CODE = YES;
				CLANG_WARN__DUPLICATE_METHOD_MATCH = YES;
				COPY_PHASE_STRIP = NO;
				DEBUG_INFORMATION_FORMAT = dwarf;
				ENABLE_STRICT_OBJC_MSGSEND = YES;
				ENABLE_TESTABILITY = YES;
				GCC_C_LANGUAGE_STANDARD = gnu11;
				GCC_DYNAMIC_NO_PIC = NO;
				GCC_NO_COMMON_BLOCKS = YES;
				GCC_OPTIMIZATION_LEVEL = 0;
				GCC_PREPROCESSOR_DEFINITIONS = (
					"DEBUG=1",
					"$(inherited)",
				);
				GCC_WARN_64_TO_32_BIT_CONVERSION = YES;
				GCC_WARN_ABOUT_RETURN_TYPE = YES_ERROR;
				GCC_WARN_UNDECLARED_SELECTOR = YES;
				GCC_WARN_UNINITIALIZED_AUTOS = YES_AGGRESSIVE;
				GCC_WARN_UNUSED_FUNCTION = YES;
				GCC_WARN_UNUSED_VARIABLE = YES;
				IPHONEOS_DEPLOYMENT_TARGET = 13.2;
				MTL_ENABLE_DEBUG_INFO = INCLUDE_SOURCE;
				MTL_FAST_MATH = YES;
				ONLY_ACTIVE_ARCH = YES;
				SDKROOT = iphoneos;
				SWIFT_ACTIVE_COMPILATION_CONDITIONS = DEBUG;
				SWIFT_OPTIMIZATION_LEVEL = "-Onone";
			};
			name = Debug;
		};
		FAE1F0C823FE038800D26834 /* Release */ = {
			isa = XCBuildConfiguration;
			buildSettings = {
				ALWAYS_SEARCH_USER_PATHS = NO;
				CLANG_ANALYZER_LOCALIZABILITY_NONLOCALIZED = YES;
				CLANG_ANALYZER_NONNULL = YES;
				CLANG_ANALYZER_NUMBER_OBJECT_CONVERSION = YES_AGGRESSIVE;
				CLANG_CXX_LANGUAGE_STANDARD = "gnu++14";
				CLANG_CXX_LIBRARY = "libc++";
				CLANG_ENABLE_MODULES = YES;
				CLANG_ENABLE_OBJC_ARC = YES;
				CLANG_ENABLE_OBJC_WEAK = YES;
				CLANG_WARN_BLOCK_CAPTURE_AUTORELEASING = YES;
				CLANG_WARN_BOOL_CONVERSION = YES;
				CLANG_WARN_COMMA = YES;
				CLANG_WARN_CONSTANT_CONVERSION = YES;
				CLANG_WARN_DEPRECATED_OBJC_IMPLEMENTATIONS = YES;
				CLANG_WARN_DIRECT_OBJC_ISA_USAGE = YES_ERROR;
				CLANG_WARN_DOCUMENTATION_COMMENTS = YES;
				CLANG_WARN_EMPTY_BODY = YES;
				CLANG_WARN_ENUM_CONVERSION = YES;
				CLANG_WARN_INFINITE_RECURSION = YES;
				CLANG_WARN_INT_CONVERSION = YES;
				CLANG_WARN_NON_LITERAL_NULL_CONVERSION = YES;
				CLANG_WARN_OBJC_IMPLICIT_RETAIN_SELF = YES;
				CLANG_WARN_OBJC_LITERAL_CONVERSION = YES;
				CLANG_WARN_OBJC_ROOT_CLASS = YES_ERROR;
				CLANG_WARN_RANGE_LOOP_ANALYSIS = YES;
				CLANG_WARN_STRICT_PROTOTYPES = YES;
				CLANG_WARN_SUSPICIOUS_MOVE = YES;
				CLANG_WARN_UNGUARDED_AVAILABILITY = YES_AGGRESSIVE;
				CLANG_WARN_UNREACHABLE_CODE = YES;
				CLANG_WARN__DUPLICATE_METHOD_MATCH = YES;
				COPY_PHASE_STRIP = NO;
				DEBUG_INFORMATION_FORMAT = "dwarf-with-dsym";
				ENABLE_NS_ASSERTIONS = NO;
				ENABLE_STRICT_OBJC_MSGSEND = YES;
				GCC_C_LANGUAGE_STANDARD = gnu11;
				GCC_NO_COMMON_BLOCKS = YES;
				GCC_WARN_64_TO_32_BIT_CONVERSION = YES;
				GCC_WARN_ABOUT_RETURN_TYPE = YES_ERROR;
				GCC_WARN_UNDECLARED_SELECTOR = YES;
				GCC_WARN_UNINITIALIZED_AUTOS = YES_AGGRESSIVE;
				GCC_WARN_UNUSED_FUNCTION = YES;
				GCC_WARN_UNUSED_VARIABLE = YES;
				IPHONEOS_DEPLOYMENT_TARGET = 13.2;
				MTL_ENABLE_DEBUG_INFO = NO;
				MTL_FAST_MATH = YES;
				SDKROOT = iphoneos;
				SWIFT_COMPILATION_MODE = wholemodule;
				SWIFT_OPTIMIZATION_LEVEL = "-O";
				VALIDATE_PRODUCT = YES;
			};
			name = Release;
		};
		FAE1F0CA23FE038800D26834 /* Debug */ = {
			isa = XCBuildConfiguration;
			baseConfigurationReference = 10E2D8921EA57950A189310F /* Pods-MovieWorld.debug.xcconfig */;
			buildSettings = {
				ASSETCATALOG_COMPILER_APPICON_NAME = AppIcon;
				CODE_SIGN_STYLE = Automatic;
				DEVELOPMENT_TEAM = "";
				INFOPLIST_FILE = MovieWorld/Info.plist;
				IPHONEOS_DEPLOYMENT_TARGET = 11.0;
				LD_RUNPATH_SEARCH_PATHS = (
					"$(inherited)",
					"@executable_path/Frameworks",
				);
				PRODUCT_BUNDLE_IDENTIFIER = by.gan4o.MovieWorld;
				PRODUCT_NAME = "$(TARGET_NAME)";
				SWIFT_VERSION = 5.0;
				TARGETED_DEVICE_FAMILY = 1;
			};
			name = Debug;
		};
		FAE1F0CB23FE038800D26834 /* Release */ = {
			isa = XCBuildConfiguration;
			baseConfigurationReference = 9A47900237E474F75D985542 /* Pods-MovieWorld.release.xcconfig */;
			buildSettings = {
				ASSETCATALOG_COMPILER_APPICON_NAME = AppIcon;
				CODE_SIGN_STYLE = Automatic;
				DEVELOPMENT_TEAM = "";
				INFOPLIST_FILE = MovieWorld/Info.plist;
				IPHONEOS_DEPLOYMENT_TARGET = 11.0;
				LD_RUNPATH_SEARCH_PATHS = (
					"$(inherited)",
					"@executable_path/Frameworks",
				);
				PRODUCT_BUNDLE_IDENTIFIER = by.gan4o.MovieWorld;
				PRODUCT_NAME = "$(TARGET_NAME)";
				SWIFT_VERSION = 5.0;
				TARGETED_DEVICE_FAMILY = 1;
			};
			name = Release;
		};
/* End XCBuildConfiguration section */

/* Begin XCConfigurationList section */
		FAE1F0B023FE037E00D26834 /* Build configuration list for PBXProject "MovieWorld" */ = {
			isa = XCConfigurationList;
			buildConfigurations = (
				FAE1F0C723FE038800D26834 /* Debug */,
				FAE1F0C823FE038800D26834 /* Release */,
			);
			defaultConfigurationIsVisible = 0;
			defaultConfigurationName = Release;
		};
		FAE1F0C923FE038800D26834 /* Build configuration list for PBXNativeTarget "MovieWorld" */ = {
			isa = XCConfigurationList;
			buildConfigurations = (
				FAE1F0CA23FE038800D26834 /* Debug */,
				FAE1F0CB23FE038800D26834 /* Release */,
			);
			defaultConfigurationIsVisible = 0;
			defaultConfigurationName = Release;
		};
/* End XCConfigurationList section */

/* Begin XCVersionGroup section */
		2054D8FF2458AE8B00238869 /* MWGenresList.xcdatamodeld */ = {
			isa = XCVersionGroup;
			children = (
				2054D9002458AE8B00238869 /* MWCoreData.xcdatamodel */,
			);
			currentVersion = 2054D9002458AE8B00238869 /* MWCoreData.xcdatamodel */;
			path = MWGenresList.xcdatamodeld;
			sourceTree = "<group>";
			versionGroupType = wrapper.xcdatamodel;
		};
		84EAC6B5257B9A630042E1B4 /* MWGenresList.xcdatamodeld */ = {
			isa = XCVersionGroup;
			children = (
				84EAC6B6257B9A630042E1B4 /* MWCoreData.xcdatamodel */,
			);
			currentVersion = 84EAC6B6257B9A630042E1B4 /* MWCoreData.xcdatamodel */;
			path = MWGenresList.xcdatamodeld;
			sourceTree = "<group>";
			versionGroupType = wrapper.xcdatamodel;
		};
/* End XCVersionGroup section */
	};
	rootObject = FAE1F0AD23FE037E00D26834 /* Project object */;
}
