PODS:
  - Kingfisher (5.13.4):
    - Kingfisher/Core (= 5.13.4)
  - Kingfisher/Core (5.13.4)
  - Pageboy (3.6.1)
  - SnapKit (4.2.0)
  - Tabman (2.9.1):
    - Pageboy (~> 3.6.0)
  - XCDYouTubeKit (2.14.1)

DEPENDENCIES:
  - Kingfisher (~> 5.0)
  - SnapKit (~> 4.0)
  - Tabman
  - XCDYouTubeKit

SPEC REPOS:
  trunk:
    - Kingfisher
    - Pageboy
    - SnapKit
    - Tabman
    - XCDYouTubeKit

SPEC CHECKSUMS:
  Kingfisher: d2279a7abece3c7f25a80cd2b7f363ca5cf3f44c
  Pageboy: 29a2d474ad99404b4d77f325e0ab6d705930a4fb
  SnapKit: fe8a619752f3f27075cc9a90244d75c6c3f27e2a
  Tabman: 085d89c65be9e883629bdaf5b1453a6397e57846
  XCDYouTubeKit: 5d50bbacdd9fedf26fb578bab901d946ff3d064c

PODFILE CHECKSUM: 568b5b4e19f00dbf5a832b405783e9e463d199ea

COCOAPODS: 1.10.0
